
Microsoft Visual Studio Solution File, Format Version 12.00
# Visual Studio Version 17
VisualStudioVersion = 17.5.33516.290
MinimumVisualStudioVersion = 10.0.40219.1
Project("{9A19103F-16F7-4668-BE54-9A1E7A4F7556}") = "Avalon.Network.Tcp", "src\Shared\Avalon.Network.Tcp\Avalon.Network.Tcp.csproj", "{57067EF9-F924-4D61-A2DD-7C08D01ED961}"
EndProject
Project("{9A19103F-16F7-4668-BE54-9A1E7A4F7556}") = "Avalon.Network", "src\Shared\Avalon.Network\Avalon.Network.csproj", "{66AF3C58-DC4E-42F3-BAA2-F3619D04F5CC}"
EndProject
Project("{9A19103F-16F7-4668-BE54-9A1E7A4F7556}") = "Avalon.Network.Udp", "src\Shared\Avalon.Network.Udp\Avalon.Network.Udp.csproj", "{715B46A9-D08B-411A-A630-291ACFA0B804}"
EndProject
Project("{9A19103F-16F7-4668-BE54-9A1E7A4F7556}") = "Avalon.Network.Packets", "src\Shared\Avalon.Network.Packets\Avalon.Network.Packets.csproj", "{36545539-A4EC-4AC2-B48C-3F990C5B5D6D}"
EndProject
Project("{2150E333-8FDC-42A3-9474-1A3956D46DE8}") = "Game", "Game", "{C28EDB2B-FDA2-44DA-B255-F57E127EEF6C}"
EndProject
Project("{FAE04EC0-301F-11D3-BF4B-00C04F79EFBC}") = "Avalon.Game", "src\Server\Avalon.Game\Avalon.Game.csproj", "{1AB0AF1F-1AC6-43AA-83C8-A80BFA01B66C}"
EndProject
Project("{2150E333-8FDC-42A3-9474-1A3956D46DE8}") = "Infrastructure", "Infrastructure", "{68F7CA33-8489-4C26-AF99-CF4FA13327F9}"
EndProject
Project("{FAE04EC0-301F-11D3-BF4B-00C04F79EFBC}") = "Avalon.Infrastructure", "src\Server\Avalon.Infrastructure\Avalon.Infrastructure.csproj", "{B0A3D4A7-1EFA-44BD-BD42-2CC0BFB8F0E1}"
EndProject
Project("{FAE04EC0-301F-11D3-BF4B-00C04F79EFBC}") = "Avalon.Common", "src\Shared\Avalon.Common\Avalon.Common.csproj", "{BF4DBBBB-F31E-4817-A4D4-FC530D7EF2D8}"
EndProject
Project("{FAE04EC0-301F-11D3-BF4B-00C04F79EFBC}") = "Avalon.Metrics", "src\Shared\Avalon.Metrics\Avalon.Metrics.csproj", "{ED8116ED-BBF8-448C-BE30-F51650B4A3E2}"
EndProject
Project("{2150E333-8FDC-42A3-9474-1A3956D46DE8}") = "Server", "Server", "{487F1AE2-1995-411B-8080-6434ACA40E86}"
EndProject
Project("{2150E333-8FDC-42A3-9474-1A3956D46DE8}") = "Client", "Client", "{9F6C14A1-30AF-456A-A846-29885214DD7D}"
EndProject
Project("{FAE04EC0-301F-11D3-BF4B-00C04F79EFBC}") = "Avalon.Client", "src\Client\Avalon.Client\Avalon.Client.csproj", "{BFB11317-3572-4A31-B31B-547747083A83}"
EndProject
Project("{2150E333-8FDC-42A3-9474-1A3956D46DE8}") = "Shared", "Shared", "{44F4FAA6-D875-4F06-8308-DD6990AF1E63}"
EndProject
Project("{2150E333-8FDC-42A3-9474-1A3956D46DE8}") = "Network", "Network", "{06868A4F-3DE6-415F-9A78-E2C07F300C19}"
EndProject
Project("{FAE04EC0-301F-11D3-BF4B-00C04F79EFBC}") = "Avalon.Server.World", "src\Server\Avalon.Server.World\Avalon.Server.World.csproj", "{99201A33-E8DD-4BA7-ADCC-569F39818ADA}"
EndProject
Project("{2150E333-8FDC-42A3-9474-1A3956D46DE8}") = "Database", "Database", "{0C56F203-0A21-4680-9F9D-987BA111B125}"
EndProject
Project("{FAE04EC0-301F-11D3-BF4B-00C04F79EFBC}") = "Avalon.Database", "src\Server\Avalon.Database\Avalon.Database.csproj", "{4F64264D-2D50-43E3-B0DD-313BEA61CE5D}"
EndProject
Project("{FAE04EC0-301F-11D3-BF4B-00C04F79EFBC}") = "Avalon.Network.Packets.Abstractions", "src\Shared\Avalon.Network.Packets.Abstractions\Avalon.Network.Packets.Abstractions.csproj", "{6AA2B4FD-B63E-40BF-8A35-62CC0D6D3EE2}"
EndProject
Project("{FAE04EC0-301F-11D3-BF4B-00C04F79EFBC}") = "Avalon.Client.Patcher", "src\Client\Avalon.Client.Patcher\Avalon.Client.Patcher.csproj", "{60BC35C8-64B9-42AE-9744-C610CC551C90}"
EndProject
Project("{FAE04EC0-301F-11D3-BF4B-00C04F79EFBC}") = "Avalon.Client.PatchGenerator", "src\Client\Avalon.Client.PatchGenerator\Avalon.Client.PatchGenerator.csproj", "{E06A5173-5665-40C0-ABEB-2A7A24520039}"
EndProject
Project("{2150E333-8FDC-42A3-9474-1A3956D46DE8}") = "Vendor", "Vendor", "{239CE5E2-D8E0-4A35-A2EF-498451DA02CB}"
EndProject
Project("{FAE04EC0-301F-11D3-BF4B-00C04F79EFBC}") = "Hazel", "vendor\hazel-networking\Hazel\Hazel.csproj", "{56198713-E0A6-4006-890E-135FB6464984}"
EndProject
Project("{FAE04EC0-301F-11D3-BF4B-00C04F79EFBC}") = "Avalon.Client.Simulator", "src\Client\Avalon.Client.Simulator\Avalon.Client.Simulator.csproj", "{F1A62FAD-2E86-45D5-B6A4-FA8494988C2E}"
EndProject
Project("{FAE04EC0-301F-11D3-BF4B-00C04F79EFBC}") = "Avalon.Map", "src\Shared\Avalon.Map\Avalon.Map.csproj", "{779EB64D-06EE-4E20-98EE-5DBFB9DDE0BA}"
EndProject
Project("{FAE04EC0-301F-11D3-BF4B-00C04F79EFBC}") = "Facepunch.Steamworks.Win64", "vendor\Facepunch.Steamworks\Facepunch.Steamworks\Facepunch.Steamworks.Win64.csproj", "{DEA66C30-213E-4027-BCE4-F93384F86C15}"
EndProject
Project("{2150E333-8FDC-42A3-9474-1A3956D46DE8}") = "Steam", "Steam", "{0B02B0A3-58F9-47C0-8CB2-4DC691FEB797}"
EndProject
Project("{2150E333-8FDC-42A3-9474-1A3956D46DE8}") = "Tests", "Tests", "{659A24EA-5C28-4F62-A67A-5E1564EFA7C3}"
EndProject
Project("{FAE04EC0-301F-11D3-BF4B-00C04F79EFBC}") = "Avalon.Server.IntegrationTests", "tests\Avalon.Server.IntegrationTests\Avalon.Server.IntegrationTests.csproj", "{60C6291A-0BB7-43F2-8C8A-956BE12201C2}"
EndProject
Project("{FAE04EC0-301F-11D3-BF4B-00C04F79EFBC}") = "Avalon.Api", "src\Server\Avalon.Api\Avalon.Api.csproj", "{A20E1FEC-07B3-4B74-9CB2-6A234477EEE6}"
EndProject
Project("{2150E333-8FDC-42A3-9474-1A3956D46DE8}") = "Tools", "Tools", "{F506D206-DC04-4EAC-BD00-ABA6A073E757}"
EndProject
Project("{FAE04EC0-301F-11D3-BF4B-00C04F79EFBC}") = "Avalon.Benchmarking", "tools\Avalon.Benchmarking\Avalon.Benchmarking.csproj", "{E1B1005A-43F4-47A2-BEF5-AE3D2BE1A183}"
EndProject
Project("{FAE04EC0-301F-11D3-BF4B-00C04F79EFBC}") = "Avalon.Domain", "src\Shared\Avalon.Domain\Avalon.Domain.csproj", "{D8D5505D-6256-4E08-BFA9-BCF356BB4883}"
EndProject
Project("{FAE04EC0-301F-11D3-BF4B-00C04F79EFBC}") = "Avalon.Database.Migrator", "src\Server\Avalon.Database.Migrator\Avalon.Database.Migrator.csproj", "{A9E3CB67-7045-4AEB-B6A1-95E8128A7901}"
EndProject
Project("{FAE04EC0-301F-11D3-BF4B-00C04F79EFBC}") = "Avalon.Configuration", "src\Shared\Avalon.Configuration\Avalon.Configuration.csproj", "{B7DADB46-EFA8-4F82-85DE-7116A7E517FA}"
EndProject
Project("{FAE04EC0-301F-11D3-BF4B-00C04F79EFBC}") = "Avalon.Database.Migrator.Console", "tools\Avalon.Database.Migrator.Console\Avalon.Database.Migrator.Console.csproj", "{30C87B7A-CAFA-4324-A448-E7EC36373D83}"
EndProject
Project("{FAE04EC0-301F-11D3-BF4B-00C04F79EFBC}") = "Avalon.Database.Scripts", "src\Server\Avalon.Database.Scripts\Avalon.Database.Scripts.csproj", "{3E857512-B95B-48EB-BACC-E305E73509FA}"
EndProject
Project("{FAE04EC0-301F-11D3-BF4B-00C04F79EFBC}") = "Facepunch.Steamworks.Posix", "vendor\Facepunch.Steamworks\Facepunch.Steamworks\Facepunch.Steamworks.Posix.csproj", "{9037D4CD-8E29-43CE-AD52-CC6989A32A97}"
EndProject
Project("{2150E333-8FDC-42A3-9474-1A3956D46DE8}") = "Scripts", "Scripts", "{FAF3953E-3567-4E03-8D05-21A2DA436057}"
EndProject
Project("{FAE04EC0-301F-11D3-BF4B-00C04F79EFBC}") = "Avalon.Game.Scripts.Abstractions", "src\Server\Avalon.Game.Scripts.Abstractions\Avalon.Game.Scripts.Abstractions.csproj", "{61F90EAF-7A83-4666-91C1-A7572136D64E}"
EndProject
Project("{FAE04EC0-301F-11D3-BF4B-00C04F79EFBC}") = "Avalon.Game.Scripts", "src\Server\Avalon.Game.Scripts\Avalon.Game.Scripts.csproj", "{E2AA9783-A36B-4067-9DED-A3DC73A7BF08}"
EndProject
Global
	GlobalSection(SolutionConfigurationPlatforms) = preSolution
		Debug|Any CPU = Debug|Any CPU
		Release|Any CPU = Release|Any CPU
	EndGlobalSection
	GlobalSection(ProjectConfigurationPlatforms) = postSolution
		{57067EF9-F924-4D61-A2DD-7C08D01ED961}.Debug|Any CPU.ActiveCfg = Debug|Any CPU
		{57067EF9-F924-4D61-A2DD-7C08D01ED961}.Debug|Any CPU.Build.0 = Debug|Any CPU
		{57067EF9-F924-4D61-A2DD-7C08D01ED961}.Release|Any CPU.ActiveCfg = Release|Any CPU
		{57067EF9-F924-4D61-A2DD-7C08D01ED961}.Release|Any CPU.Build.0 = Release|Any CPU
		{66AF3C58-DC4E-42F3-BAA2-F3619D04F5CC}.Debug|Any CPU.ActiveCfg = Debug|Any CPU
		{66AF3C58-DC4E-42F3-BAA2-F3619D04F5CC}.Debug|Any CPU.Build.0 = Debug|Any CPU
		{66AF3C58-DC4E-42F3-BAA2-F3619D04F5CC}.Release|Any CPU.ActiveCfg = Release|Any CPU
		{66AF3C58-DC4E-42F3-BAA2-F3619D04F5CC}.Release|Any CPU.Build.0 = Release|Any CPU
		{715B46A9-D08B-411A-A630-291ACFA0B804}.Debug|Any CPU.ActiveCfg = Debug|Any CPU
		{715B46A9-D08B-411A-A630-291ACFA0B804}.Debug|Any CPU.Build.0 = Debug|Any CPU
		{715B46A9-D08B-411A-A630-291ACFA0B804}.Release|Any CPU.ActiveCfg = Release|Any CPU
		{715B46A9-D08B-411A-A630-291ACFA0B804}.Release|Any CPU.Build.0 = Release|Any CPU
		{36545539-A4EC-4AC2-B48C-3F990C5B5D6D}.Debug|Any CPU.ActiveCfg = Debug|Any CPU
		{36545539-A4EC-4AC2-B48C-3F990C5B5D6D}.Debug|Any CPU.Build.0 = Debug|Any CPU
		{36545539-A4EC-4AC2-B48C-3F990C5B5D6D}.Release|Any CPU.ActiveCfg = Release|Any CPU
		{36545539-A4EC-4AC2-B48C-3F990C5B5D6D}.Release|Any CPU.Build.0 = Release|Any CPU
		{1AB0AF1F-1AC6-43AA-83C8-A80BFA01B66C}.Debug|Any CPU.ActiveCfg = Debug|Any CPU
		{1AB0AF1F-1AC6-43AA-83C8-A80BFA01B66C}.Debug|Any CPU.Build.0 = Debug|Any CPU
		{1AB0AF1F-1AC6-43AA-83C8-A80BFA01B66C}.Release|Any CPU.ActiveCfg = Release|Any CPU
		{1AB0AF1F-1AC6-43AA-83C8-A80BFA01B66C}.Release|Any CPU.Build.0 = Release|Any CPU
		{B0A3D4A7-1EFA-44BD-BD42-2CC0BFB8F0E1}.Debug|Any CPU.ActiveCfg = Debug|Any CPU
		{B0A3D4A7-1EFA-44BD-BD42-2CC0BFB8F0E1}.Debug|Any CPU.Build.0 = Debug|Any CPU
		{B0A3D4A7-1EFA-44BD-BD42-2CC0BFB8F0E1}.Release|Any CPU.ActiveCfg = Release|Any CPU
		{B0A3D4A7-1EFA-44BD-BD42-2CC0BFB8F0E1}.Release|Any CPU.Build.0 = Release|Any CPU
		{BF4DBBBB-F31E-4817-A4D4-FC530D7EF2D8}.Debug|Any CPU.ActiveCfg = Debug|Any CPU
		{BF4DBBBB-F31E-4817-A4D4-FC530D7EF2D8}.Debug|Any CPU.Build.0 = Debug|Any CPU
		{BF4DBBBB-F31E-4817-A4D4-FC530D7EF2D8}.Release|Any CPU.ActiveCfg = Release|Any CPU
		{BF4DBBBB-F31E-4817-A4D4-FC530D7EF2D8}.Release|Any CPU.Build.0 = Release|Any CPU
		{ED8116ED-BBF8-448C-BE30-F51650B4A3E2}.Debug|Any CPU.ActiveCfg = Debug|Any CPU
		{ED8116ED-BBF8-448C-BE30-F51650B4A3E2}.Debug|Any CPU.Build.0 = Debug|Any CPU
		{ED8116ED-BBF8-448C-BE30-F51650B4A3E2}.Release|Any CPU.ActiveCfg = Release|Any CPU
		{ED8116ED-BBF8-448C-BE30-F51650B4A3E2}.Release|Any CPU.Build.0 = Release|Any CPU
		{BFB11317-3572-4A31-B31B-547747083A83}.Debug|Any CPU.ActiveCfg = Debug|Any CPU
		{BFB11317-3572-4A31-B31B-547747083A83}.Debug|Any CPU.Build.0 = Debug|Any CPU
		{BFB11317-3572-4A31-B31B-547747083A83}.Release|Any CPU.ActiveCfg = Release|Any CPU
		{BFB11317-3572-4A31-B31B-547747083A83}.Release|Any CPU.Build.0 = Release|Any CPU
		{99201A33-E8DD-4BA7-ADCC-569F39818ADA}.Debug|Any CPU.ActiveCfg = Debug|Any CPU
		{99201A33-E8DD-4BA7-ADCC-569F39818ADA}.Debug|Any CPU.Build.0 = Debug|Any CPU
		{99201A33-E8DD-4BA7-ADCC-569F39818ADA}.Release|Any CPU.ActiveCfg = Release|Any CPU
		{99201A33-E8DD-4BA7-ADCC-569F39818ADA}.Release|Any CPU.Build.0 = Release|Any CPU
		{4F64264D-2D50-43E3-B0DD-313BEA61CE5D}.Debug|Any CPU.ActiveCfg = Debug|Any CPU
		{4F64264D-2D50-43E3-B0DD-313BEA61CE5D}.Debug|Any CPU.Build.0 = Debug|Any CPU
		{4F64264D-2D50-43E3-B0DD-313BEA61CE5D}.Release|Any CPU.ActiveCfg = Release|Any CPU
		{4F64264D-2D50-43E3-B0DD-313BEA61CE5D}.Release|Any CPU.Build.0 = Release|Any CPU
		{6AA2B4FD-B63E-40BF-8A35-62CC0D6D3EE2}.Debug|Any CPU.ActiveCfg = Debug|Any CPU
		{6AA2B4FD-B63E-40BF-8A35-62CC0D6D3EE2}.Debug|Any CPU.Build.0 = Debug|Any CPU
		{6AA2B4FD-B63E-40BF-8A35-62CC0D6D3EE2}.Release|Any CPU.ActiveCfg = Release|Any CPU
		{6AA2B4FD-B63E-40BF-8A35-62CC0D6D3EE2}.Release|Any CPU.Build.0 = Release|Any CPU
		{60BC35C8-64B9-42AE-9744-C610CC551C90}.Debug|Any CPU.ActiveCfg = Debug|Any CPU
		{60BC35C8-64B9-42AE-9744-C610CC551C90}.Debug|Any CPU.Build.0 = Debug|Any CPU
		{60BC35C8-64B9-42AE-9744-C610CC551C90}.Release|Any CPU.ActiveCfg = Release|Any CPU
		{60BC35C8-64B9-42AE-9744-C610CC551C90}.Release|Any CPU.Build.0 = Release|Any CPU
		{E06A5173-5665-40C0-ABEB-2A7A24520039}.Debug|Any CPU.ActiveCfg = Debug|Any CPU
		{E06A5173-5665-40C0-ABEB-2A7A24520039}.Debug|Any CPU.Build.0 = Debug|Any CPU
		{E06A5173-5665-40C0-ABEB-2A7A24520039}.Release|Any CPU.ActiveCfg = Release|Any CPU
		{E06A5173-5665-40C0-ABEB-2A7A24520039}.Release|Any CPU.Build.0 = Release|Any CPU
		{56198713-E0A6-4006-890E-135FB6464984}.Debug|Any CPU.ActiveCfg = Debug|Any CPU
		{56198713-E0A6-4006-890E-135FB6464984}.Debug|Any CPU.Build.0 = Debug|Any CPU
		{56198713-E0A6-4006-890E-135FB6464984}.Release|Any CPU.ActiveCfg = Release|Any CPU
		{56198713-E0A6-4006-890E-135FB6464984}.Release|Any CPU.Build.0 = Release|Any CPU
		{F1A62FAD-2E86-45D5-B6A4-FA8494988C2E}.Debug|Any CPU.ActiveCfg = Debug|Any CPU
		{F1A62FAD-2E86-45D5-B6A4-FA8494988C2E}.Debug|Any CPU.Build.0 = Debug|Any CPU
		{F1A62FAD-2E86-45D5-B6A4-FA8494988C2E}.Release|Any CPU.ActiveCfg = Release|Any CPU
		{F1A62FAD-2E86-45D5-B6A4-FA8494988C2E}.Release|Any CPU.Build.0 = Release|Any CPU
		{779EB64D-06EE-4E20-98EE-5DBFB9DDE0BA}.Debug|Any CPU.ActiveCfg = Debug|Any CPU
		{779EB64D-06EE-4E20-98EE-5DBFB9DDE0BA}.Debug|Any CPU.Build.0 = Debug|Any CPU
		{779EB64D-06EE-4E20-98EE-5DBFB9DDE0BA}.Release|Any CPU.ActiveCfg = Release|Any CPU
		{779EB64D-06EE-4E20-98EE-5DBFB9DDE0BA}.Release|Any CPU.Build.0 = Release|Any CPU
		{DEA66C30-213E-4027-BCE4-F93384F86C15}.Debug|Any CPU.ActiveCfg = Debug|Any CPU
		{DEA66C30-213E-4027-BCE4-F93384F86C15}.Debug|Any CPU.Build.0 = Debug|Any CPU
		{DEA66C30-213E-4027-BCE4-F93384F86C15}.Release|Any CPU.ActiveCfg = Release|Any CPU
		{DEA66C30-213E-4027-BCE4-F93384F86C15}.Release|Any CPU.Build.0 = Release|Any CPU
		{60C6291A-0BB7-43F2-8C8A-956BE12201C2}.Debug|Any CPU.ActiveCfg = Debug|Any CPU
		{60C6291A-0BB7-43F2-8C8A-956BE12201C2}.Debug|Any CPU.Build.0 = Debug|Any CPU
		{60C6291A-0BB7-43F2-8C8A-956BE12201C2}.Release|Any CPU.ActiveCfg = Release|Any CPU
		{60C6291A-0BB7-43F2-8C8A-956BE12201C2}.Release|Any CPU.Build.0 = Release|Any CPU
		{A20E1FEC-07B3-4B74-9CB2-6A234477EEE6}.Debug|Any CPU.ActiveCfg = Debug|Any CPU
		{A20E1FEC-07B3-4B74-9CB2-6A234477EEE6}.Debug|Any CPU.Build.0 = Debug|Any CPU
		{A20E1FEC-07B3-4B74-9CB2-6A234477EEE6}.Release|Any CPU.ActiveCfg = Release|Any CPU
		{A20E1FEC-07B3-4B74-9CB2-6A234477EEE6}.Release|Any CPU.Build.0 = Release|Any CPU
		{E1B1005A-43F4-47A2-BEF5-AE3D2BE1A183}.Debug|Any CPU.ActiveCfg = Debug|Any CPU
		{E1B1005A-43F4-47A2-BEF5-AE3D2BE1A183}.Debug|Any CPU.Build.0 = Debug|Any CPU
		{E1B1005A-43F4-47A2-BEF5-AE3D2BE1A183}.Release|Any CPU.ActiveCfg = Release|Any CPU
		{E1B1005A-43F4-47A2-BEF5-AE3D2BE1A183}.Release|Any CPU.Build.0 = Release|Any CPU
		{D8D5505D-6256-4E08-BFA9-BCF356BB4883}.Debug|Any CPU.ActiveCfg = Debug|Any CPU
		{D8D5505D-6256-4E08-BFA9-BCF356BB4883}.Debug|Any CPU.Build.0 = Debug|Any CPU
		{D8D5505D-6256-4E08-BFA9-BCF356BB4883}.Release|Any CPU.ActiveCfg = Release|Any CPU
		{D8D5505D-6256-4E08-BFA9-BCF356BB4883}.Release|Any CPU.Build.0 = Release|Any CPU
		{A9E3CB67-7045-4AEB-B6A1-95E8128A7901}.Debug|Any CPU.ActiveCfg = Debug|Any CPU
		{A9E3CB67-7045-4AEB-B6A1-95E8128A7901}.Debug|Any CPU.Build.0 = Debug|Any CPU
		{A9E3CB67-7045-4AEB-B6A1-95E8128A7901}.Release|Any CPU.ActiveCfg = Release|Any CPU
		{A9E3CB67-7045-4AEB-B6A1-95E8128A7901}.Release|Any CPU.Build.0 = Release|Any CPU
		{B7DADB46-EFA8-4F82-85DE-7116A7E517FA}.Debug|Any CPU.ActiveCfg = Debug|Any CPU
		{B7DADB46-EFA8-4F82-85DE-7116A7E517FA}.Debug|Any CPU.Build.0 = Debug|Any CPU
		{B7DADB46-EFA8-4F82-85DE-7116A7E517FA}.Release|Any CPU.ActiveCfg = Release|Any CPU
		{B7DADB46-EFA8-4F82-85DE-7116A7E517FA}.Release|Any CPU.Build.0 = Release|Any CPU
		{30C87B7A-CAFA-4324-A448-E7EC36373D83}.Debug|Any CPU.ActiveCfg = Debug|Any CPU
		{30C87B7A-CAFA-4324-A448-E7EC36373D83}.Debug|Any CPU.Build.0 = Debug|Any CPU
		{30C87B7A-CAFA-4324-A448-E7EC36373D83}.Release|Any CPU.ActiveCfg = Release|Any CPU
		{30C87B7A-CAFA-4324-A448-E7EC36373D83}.Release|Any CPU.Build.0 = Release|Any CPU
		{3E857512-B95B-48EB-BACC-E305E73509FA}.Debug|Any CPU.ActiveCfg = Debug|Any CPU
		{3E857512-B95B-48EB-BACC-E305E73509FA}.Debug|Any CPU.Build.0 = Debug|Any CPU
		{3E857512-B95B-48EB-BACC-E305E73509FA}.Release|Any CPU.ActiveCfg = Release|Any CPU
		{3E857512-B95B-48EB-BACC-E305E73509FA}.Release|Any CPU.Build.0 = Release|Any CPU
		{9037D4CD-8E29-43CE-AD52-CC6989A32A97}.Debug|Any CPU.ActiveCfg = Debug|Any CPU
		{9037D4CD-8E29-43CE-AD52-CC6989A32A97}.Debug|Any CPU.Build.0 = Debug|Any CPU
		{9037D4CD-8E29-43CE-AD52-CC6989A32A97}.Release|Any CPU.ActiveCfg = Release|Any CPU
		{9037D4CD-8E29-43CE-AD52-CC6989A32A97}.Release|Any CPU.Build.0 = Release|Any CPU
		{61F90EAF-7A83-4666-91C1-A7572136D64E}.Debug|Any CPU.ActiveCfg = Debug|Any CPU
		{61F90EAF-7A83-4666-91C1-A7572136D64E}.Debug|Any CPU.Build.0 = Debug|Any CPU
		{61F90EAF-7A83-4666-91C1-A7572136D64E}.Release|Any CPU.ActiveCfg = Release|Any CPU
		{61F90EAF-7A83-4666-91C1-A7572136D64E}.Release|Any CPU.Build.0 = Release|Any CPU
		{E2AA9783-A36B-4067-9DED-A3DC73A7BF08}.Debug|Any CPU.ActiveCfg = Debug|Any CPU
		{E2AA9783-A36B-4067-9DED-A3DC73A7BF08}.Debug|Any CPU.Build.0 = Debug|Any CPU
		{E2AA9783-A36B-4067-9DED-A3DC73A7BF08}.Release|Any CPU.ActiveCfg = Release|Any CPU
		{E2AA9783-A36B-4067-9DED-A3DC73A7BF08}.Release|Any CPU.Build.0 = Release|Any CPU
	EndGlobalSection
	GlobalSection(SolutionProperties) = preSolution
		HideSolutionNode = FALSE
	EndGlobalSection
	GlobalSection(NestedProjects) = preSolution
		{1AB0AF1F-1AC6-43AA-83C8-A80BFA01B66C} = {C28EDB2B-FDA2-44DA-B255-F57E127EEF6C}
		{B0A3D4A7-1EFA-44BD-BD42-2CC0BFB8F0E1} = {68F7CA33-8489-4C26-AF99-CF4FA13327F9}
		{C28EDB2B-FDA2-44DA-B255-F57E127EEF6C} = {487F1AE2-1995-411B-8080-6434ACA40E86}
		{68F7CA33-8489-4C26-AF99-CF4FA13327F9} = {487F1AE2-1995-411B-8080-6434ACA40E86}
		{BFB11317-3572-4A31-B31B-547747083A83} = {9F6C14A1-30AF-456A-A846-29885214DD7D}
		{BF4DBBBB-F31E-4817-A4D4-FC530D7EF2D8} = {44F4FAA6-D875-4F06-8308-DD6990AF1E63}
		{06868A4F-3DE6-415F-9A78-E2C07F300C19} = {44F4FAA6-D875-4F06-8308-DD6990AF1E63}
		{66AF3C58-DC4E-42F3-BAA2-F3619D04F5CC} = {06868A4F-3DE6-415F-9A78-E2C07F300C19}
		{36545539-A4EC-4AC2-B48C-3F990C5B5D6D} = {06868A4F-3DE6-415F-9A78-E2C07F300C19}
		{57067EF9-F924-4D61-A2DD-7C08D01ED961} = {06868A4F-3DE6-415F-9A78-E2C07F300C19}
		{715B46A9-D08B-411A-A630-291ACFA0B804} = {06868A4F-3DE6-415F-9A78-E2C07F300C19}
		{ED8116ED-BBF8-448C-BE30-F51650B4A3E2} = {44F4FAA6-D875-4F06-8308-DD6990AF1E63}
		{99201A33-E8DD-4BA7-ADCC-569F39818ADA} = {487F1AE2-1995-411B-8080-6434ACA40E86}
		{0C56F203-0A21-4680-9F9D-987BA111B125} = {487F1AE2-1995-411B-8080-6434ACA40E86}
		{4F64264D-2D50-43E3-B0DD-313BEA61CE5D} = {0C56F203-0A21-4680-9F9D-987BA111B125}
		{6AA2B4FD-B63E-40BF-8A35-62CC0D6D3EE2} = {06868A4F-3DE6-415F-9A78-E2C07F300C19}
		{60BC35C8-64B9-42AE-9744-C610CC551C90} = {9F6C14A1-30AF-456A-A846-29885214DD7D}
		{E06A5173-5665-40C0-ABEB-2A7A24520039} = {9F6C14A1-30AF-456A-A846-29885214DD7D}
		{56198713-E0A6-4006-890E-135FB6464984} = {239CE5E2-D8E0-4A35-A2EF-498451DA02CB}
		{F1A62FAD-2E86-45D5-B6A4-FA8494988C2E} = {9F6C14A1-30AF-456A-A846-29885214DD7D}
		{779EB64D-06EE-4E20-98EE-5DBFB9DDE0BA} = {44F4FAA6-D875-4F06-8308-DD6990AF1E63}
		{0B02B0A3-58F9-47C0-8CB2-4DC691FEB797} = {239CE5E2-D8E0-4A35-A2EF-498451DA02CB}
		{DEA66C30-213E-4027-BCE4-F93384F86C15} = {0B02B0A3-58F9-47C0-8CB2-4DC691FEB797}
		{60C6291A-0BB7-43F2-8C8A-956BE12201C2} = {659A24EA-5C28-4F62-A67A-5E1564EFA7C3}
		{A20E1FEC-07B3-4B74-9CB2-6A234477EEE6} = {487F1AE2-1995-411B-8080-6434ACA40E86}
		{E1B1005A-43F4-47A2-BEF5-AE3D2BE1A183} = {F506D206-DC04-4EAC-BD00-ABA6A073E757}
		{D8D5505D-6256-4E08-BFA9-BCF356BB4883} = {44F4FAA6-D875-4F06-8308-DD6990AF1E63}
		{A9E3CB67-7045-4AEB-B6A1-95E8128A7901} = {0C56F203-0A21-4680-9F9D-987BA111B125}
		{B7DADB46-EFA8-4F82-85DE-7116A7E517FA} = {44F4FAA6-D875-4F06-8308-DD6990AF1E63}
		{30C87B7A-CAFA-4324-A448-E7EC36373D83} = {F506D206-DC04-4EAC-BD00-ABA6A073E757}
		{3E857512-B95B-48EB-BACC-E305E73509FA} = {0C56F203-0A21-4680-9F9D-987BA111B125}
		{9037D4CD-8E29-43CE-AD52-CC6989A32A97} = {0B02B0A3-58F9-47C0-8CB2-4DC691FEB797}
		{FAF3953E-3567-4E03-8D05-21A2DA436057} = {C28EDB2B-FDA2-44DA-B255-F57E127EEF6C}
		{61F90EAF-7A83-4666-91C1-A7572136D64E} = {FAF3953E-3567-4E03-8D05-21A2DA436057}
		{E2AA9783-A36B-4067-9DED-A3DC73A7BF08} = {FAF3953E-3567-4E03-8D05-21A2DA436057}
	EndGlobalSection
	GlobalSection(ExtensibilityGlobals) = postSolution
		SolutionGuid = {20CD880E-2A9B-4B75-A2C1-3145230B285E}
	EndGlobalSection
EndGlobal
