
Microsoft Visual Studio Solution File, Format Version 12.00
# Visual Studio Version 17
VisualStudioVersion = 17.5.33516.290
MinimumVisualStudioVersion = 10.0.40219.1
Project("{9A19103F-16F7-4668-BE54-9A1E7A4F7556}") = "Avalon.Network.Tcp", "src\Shared\Avalon.Network.Tcp\Avalon.Network.Tcp.csproj", "{57067EF9-F924-4D61-A2DD-7C08D01ED961}"
EndProject
Project("{9A19103F-16F7-4668-BE54-9A1E7A4F7556}") = "Avalon.Network", "src\Shared\Avalon.Network\Avalon.Network.csproj", "{66AF3C58-DC4E-42F3-BAA2-F3619D04F5CC}"
EndProject
Project("{9A19103F-16F7-4668-BE54-9A1E7A4F7556}") = "Avalon.Network.Packets", "src\Shared\Avalon.Network.Packets\Avalon.Network.Packets.csproj", "{36545539-A4EC-4AC2-B48C-3F990C5B5D6D}"
EndProject
Project("{2150E333-8FDC-42A3-9474-1A3956D46DE8}") = "World", "World", "{C28EDB2B-FDA2-44DA-B255-F57E127EEF6C}"
EndProject
Project("{2150E333-8FDC-42A3-9474-1A3956D46DE8}") = "Infrastructure", "Infrastructure", "{68F7CA33-8489-4C26-AF99-CF4FA13327F9}"
EndProject
Project("{FAE04EC0-301F-11D3-BF4B-00C04F79EFBC}") = "Avalon.Infrastructure", "src\Server\Avalon.Infrastructure\Avalon.Infrastructure.csproj", "{B0A3D4A7-1EFA-44BD-BD42-2CC0BFB8F0E1}"
EndProject
Project("{FAE04EC0-301F-11D3-BF4B-00C04F79EFBC}") = "Avalon.Common", "src\Shared\Avalon.Common\Avalon.Common.csproj", "{BF4DBBBB-F31E-4817-A4D4-FC530D7EF2D8}"
EndProject
Project("{FAE04EC0-301F-11D3-BF4B-00C04F79EFBC}") = "Avalon.Metrics", "src\Shared\Avalon.Metrics\Avalon.Metrics.csproj", "{ED8116ED-BBF8-448C-BE30-F51650B4A3E2}"
EndProject
Project("{2150E333-8FDC-42A3-9474-1A3956D46DE8}") = "Server", "Server", "{487F1AE2-1995-411B-8080-6434ACA40E86}"
EndProject
Project("{2150E333-8FDC-42A3-9474-1A3956D46DE8}") = "Shared", "Shared", "{44F4FAA6-D875-4F06-8308-DD6990AF1E63}"
EndProject
Project("{2150E333-8FDC-42A3-9474-1A3956D46DE8}") = "Network", "Network", "{06868A4F-3DE6-415F-9A78-E2C07F300C19}"
EndProject
Project("{FAE04EC0-301F-11D3-BF4B-00C04F79EFBC}") = "Avalon.Server.World", "src\Server\Avalon.Server.World\Avalon.Server.World.csproj", "{99201A33-E8DD-4BA7-ADCC-569F39818ADA}"
EndProject
Project("{2150E333-8FDC-42A3-9474-1A3956D46DE8}") = "Database", "Database", "{0C56F203-0A21-4680-9F9D-987BA111B125}"
EndProject
Project("{FAE04EC0-301F-11D3-BF4B-00C04F79EFBC}") = "Avalon.Database", "src\Server\Avalon.Database\Avalon.Database.csproj", "{4F64264D-2D50-43E3-B0DD-313BEA61CE5D}"
EndProject
Project("{FAE04EC0-301F-11D3-BF4B-00C04F79EFBC}") = "Avalon.Network.Packets.Abstractions", "src\Shared\Avalon.Network.Packets.Abstractions\Avalon.Network.Packets.Abstractions.csproj", "{6AA2B4FD-B63E-40BF-8A35-62CC0D6D3EE2}"
EndProject
Project("{2150E333-8FDC-42A3-9474-1A3956D46DE8}") = "Vendor", "Vendor", "{239CE5E2-D8E0-4A35-A2EF-498451DA02CB}"
EndProject
Project("{2150E333-8FDC-42A3-9474-1A3956D46DE8}") = "Tests", "Tests", "{659A24EA-5C28-4F62-A67A-5E1564EFA7C3}"
EndProject
Project("{FAE04EC0-301F-11D3-BF4B-00C04F79EFBC}") = "Avalon.Server.IntegrationTests", "tests\Avalon.Server.IntegrationTests\Avalon.Server.IntegrationTests.csproj", "{60C6291A-0BB7-43F2-8C8A-956BE12201C2}"
EndProject
Project("{FAE04EC0-301F-11D3-BF4B-00C04F79EFBC}") = "Avalon.Api", "src\Server\Avalon.Api\Avalon.Api.csproj", "{A20E1FEC-07B3-4B74-9CB2-6A234477EEE6}"
EndProject
Project("{2150E333-8FDC-42A3-9474-1A3956D46DE8}") = "Tools", "Tools", "{F506D206-DC04-4EAC-BD00-ABA6A073E757}"
EndProject
Project("{FAE04EC0-301F-11D3-BF4B-00C04F79EFBC}") = "Avalon.Benchmarking", "tools\Avalon.Benchmarking\Avalon.Benchmarking.csproj", "{E1B1005A-43F4-47A2-BEF5-AE3D2BE1A183}"
EndProject
Project("{FAE04EC0-301F-11D3-BF4B-00C04F79EFBC}") = "Avalon.Domain", "src\Shared\Avalon.Domain\Avalon.Domain.csproj", "{D8D5505D-6256-4E08-BFA9-BCF356BB4883}"
EndProject
Project("{FAE04EC0-301F-11D3-BF4B-00C04F79EFBC}") = "Avalon.Database.Migrator", "src\Server\Avalon.Database.Migrator\Avalon.Database.Migrator.csproj", "{A9E3CB67-7045-4AEB-B6A1-95E8128A7901}"
EndProject
Project("{FAE04EC0-301F-11D3-BF4B-00C04F79EFBC}") = "Avalon.Configuration", "src\Shared\Avalon.Configuration\Avalon.Configuration.csproj", "{B7DADB46-EFA8-4F82-85DE-7116A7E517FA}"
EndProject
Project("{FAE04EC0-301F-11D3-BF4B-00C04F79EFBC}") = "Avalon.Database.Migrator.Console", "tools\Avalon.Database.Migrator.Console\Avalon.Database.Migrator.Console.csproj", "{30C87B7A-CAFA-4324-A448-E7EC36373D83}"
EndProject
Project("{FAE04EC0-301F-11D3-BF4B-00C04F79EFBC}") = "Avalon.Database.Scripts", "src\Server\Avalon.Database.Scripts\Avalon.Database.Scripts.csproj", "{3E857512-B95B-48EB-BACC-E305E73509FA}"
EndProject
Project("{2150E333-8FDC-42A3-9474-1A3956D46DE8}") = "Scripts", "Scripts", "{FAF3953E-3567-4E03-8D05-21A2DA436057}"
EndProject
Project("{FAE04EC0-301F-11D3-BF4B-00C04F79EFBC}") = "Avalon.World.Scripts.Abstractions", "src\Server\Avalon.World.Scripts.Abstractions\Avalon.World.Scripts.Abstractions.csproj", "{61F90EAF-7A83-4666-91C1-A7572136D64E}"
EndProject
Project("{FAE04EC0-301F-11D3-BF4B-00C04F79EFBC}") = "Avalon.World.Scripts", "src\Server\Avalon.World.Scripts\Avalon.World.Scripts.csproj", "{E2AA9783-A36B-4067-9DED-A3DC73A7BF08}"
EndProject
Project("{FAE04EC0-301F-11D3-BF4B-00C04F79EFBC}") = "Avalon.Server.Auth", "src\Server\Avalon.Server.Auth\Avalon.Server.Auth.csproj", "{7B4C7B06-B500-4A48-AD1E-E5E2C23E6946}"
EndProject
Project("{FAE04EC0-301F-11D3-BF4B-00C04F79EFBC}") = "Avalon.Hosting", "src\Server\Avalon.Hosting\Avalon.Hosting.csproj", "{78E421D5-8A7C-4DFD-A19F-105B69F0E055}"
EndProject
Project("{FAE04EC0-301F-11D3-BF4B-00C04F79EFBC}") = "Avalon.Database.Auth", "src\Server\Avalon.Database.Auth\Avalon.Database.Auth.csproj", "{D71A8F84-4114-4666-AF97-FBCCBFF7AD18}"
EndProject
Project("{FAE04EC0-301F-11D3-BF4B-00C04F79EFBC}") = "Avalon.Database.World", "src\Server\Avalon.Database.World\Avalon.Database.World.csproj", "{451C1AF9-85F7-4D82-9AFA-C5629AD44618}"
EndProject
Project("{FAE04EC0-301F-11D3-BF4B-00C04F79EFBC}") = "Avalon.Database.Character", "src\Server\Avalon.Database.Character\Avalon.Database.Character.csproj", "{4764A5DE-11EE-445B-AB9C-37EB56309DC7}"
EndProject
Project("{FAE04EC0-301F-11D3-BF4B-00C04F79EFBC}") = "Avalon.World", "src\Server\Avalon.World\Avalon.World.csproj", "{E220ADFC-BFF5-4706-9ED1-BB53A6284F89}"
EndProject
Project("{FAE04EC0-301F-11D3-BF4B-00C04F79EFBC}") = "DotRecast.Recast", "vendor\DotRecast\src\DotRecast.Recast\DotRecast.Recast.csproj", "{C22A1566-069F-4232-8BBC-211DB6A93E82}"
EndProject
Project("{FAE04EC0-301F-11D3-BF4B-00C04F79EFBC}") = "DotRecast.Core", "vendor\DotRecast\src\DotRecast.Core\DotRecast.Core.csproj", "{DEA2486C-0617-4054-A5EF-DE80630419A2}"
EndProject
Project("{FAE04EC0-301F-11D3-BF4B-00C04F79EFBC}") = "DotRecast.Recast.Toolset", "vendor\DotRecast\src\DotRecast.Recast.Toolset\DotRecast.Recast.Toolset.csproj", "{5283FB3A-C08F-44A8-82C0-E0A300290E6E}"
EndProject
Project("{FAE04EC0-301F-11D3-BF4B-00C04F79EFBC}") = "DotRecast.Detour", "vendor\DotRecast\src\DotRecast.Detour\DotRecast.Detour.csproj", "{ADCD9F08-C223-4212-BCBC-DB6A2D5BCCEB}"
EndProject
Project("{FAE04EC0-301F-11D3-BF4B-00C04F79EFBC}") = "DotRecast.Detour.Crowd", "vendor\DotRecast\src\DotRecast.Detour.Crowd\DotRecast.Detour.Crowd.csproj", "{12B91C75-1EF9-49FF-ADAF-FD115825668C}"
EndProject
Project("{FAE04EC0-301F-11D3-BF4B-00C04F79EFBC}") = "DotRecast.Detour.Dynamic", "vendor\DotRecast\src\DotRecast.Detour.Dynamic\DotRecast.Detour.Dynamic.csproj", "{29B86FBD-C52D-4D29-A865-12FC27DC9F72}"
EndProject
Project("{FAE04EC0-301F-11D3-BF4B-00C04F79EFBC}") = "DotRecast.Detour.Extras", "vendor\DotRecast\src\DotRecast.Detour.Extras\DotRecast.Detour.Extras.csproj", "{DF502241-A7F2-49DE-B49E-A2177C44622C}"
EndProject
Project("{FAE04EC0-301F-11D3-BF4B-00C04F79EFBC}") = "DotRecast.Detour.TileCache", "vendor\DotRecast\src\DotRecast.Detour.TileCache\DotRecast.Detour.TileCache.csproj", "{A13D4BA6-83E9-447D-A72F-B8517BCF9CE3}"
EndProject
Project("{FAE04EC0-301F-11D3-BF4B-00C04F79EFBC}") = "Avalon.World.Public", "src\Server\Avalon.World.Public\Avalon.World.Public.csproj", "{EB8DBEE4-F223-4F43-A804-30B6A12925B0}"
EndProject
Project("{FAE04EC0-301F-11D3-BF4B-00C04F79EFBC}") = "DotRecast.Recast.Demo", "vendor\DotRecast\src\DotRecast.Recast.Demo\DotRecast.Recast.Demo.csproj", "{3AAF7689-BC44-4546-9781-51B96D75C4C9}"
EndProject
Project("{2150E333-8FDC-42A3-9474-1A3956D46DE8}") = "Executables", "Executables", "{AB56BE2C-1E2F-4D48-9A86-7FF8744D7CB4}"
EndProject
Project("{FAE04EC0-301F-11D3-BF4B-00C04F79EFBC}") = "Avalon.PluginFramework", "src\Server\Avalon.PluginFramework\Avalon.PluginFramework.csproj", "{D0DA8FD7-E7C7-4341-8082-2545993D339D}"
EndProject
Project("{FAE04EC0-301F-11D3-BF4B-00C04F79EFBC}") = "Avalon.ServiceDefaults", "src\Server\Avalon.ServiceDefaults\Avalon.ServiceDefaults.csproj", "{F5082680-87D5-4B0A-962A-1B0843C23C63}"
EndProject
Project("{FAE04EC0-301F-11D3-BF4B-00C04F79EFBC}") = "Avalon", "src\Server\Avalon\Avalon.csproj", "{DF84D44D-BE93-4AE8-9291-4F9613EA2A77}"
EndProject
Project("{2150E333-8FDC-42A3-9474-1A3956D46DE8}") = "External", "External", "{352283F4-477A-4E20-9647-7E544A96F2F3}"
	ProjectSection(SolutionItems) = preProject
		.editorconfig = .editorconfig
		.gitignore = .gitignore
		.gitmodules = .gitmodules
		docker-compose.yml = docker-compose.yml
		global.json = global.json
		nuget.config = nuget.config
		README.md = README.md
		src\Directory.Build.props = src\Directory.Build.props
		src\Directory.Packages.props = src\Directory.Packages.props
		.github\workflows\dotnet-ci.yml = .github\workflows\dotnet-ci.yml
		.github\workflows\dotnet-pr.yml = .github\workflows\dotnet-pr.yml
		azure-pipelines.yml = azure-pipelines.yml
	EndProjectSection
EndProject
Project("{FAE04EC0-301F-11D3-BF4B-00C04F79EFBC}") = "Avalon.Tools.Migrations", "tools\Avalon.Tools.Migrations\Avalon.Tools.Migrations.csproj", "{128876EB-DC61-416A-93BC-2C6CBB358758}"
EndProject
Global
	GlobalSection(SolutionConfigurationPlatforms) = preSolution
		Debug|Any CPU = Debug|Any CPU
		Release|Any CPU = Release|Any CPU
	EndGlobalSection
	GlobalSection(ProjectConfigurationPlatforms) = postSolution
		{57067EF9-F924-4D61-A2DD-7C08D01ED961}.Debug|Any CPU.ActiveCfg = Debug|Any CPU
		{57067EF9-F924-4D61-A2DD-7C08D01ED961}.Debug|Any CPU.Build.0 = Debug|Any CPU
		{57067EF9-F924-4D61-A2DD-7C08D01ED961}.Release|Any CPU.ActiveCfg = Release|Any CPU
		{57067EF9-F924-4D61-A2DD-7C08D01ED961}.Release|Any CPU.Build.0 = Release|Any CPU
		{66AF3C58-DC4E-42F3-BAA2-F3619D04F5CC}.Debug|Any CPU.ActiveCfg = Debug|Any CPU
		{66AF3C58-DC4E-42F3-BAA2-F3619D04F5CC}.Debug|Any CPU.Build.0 = Debug|Any CPU
		{66AF3C58-DC4E-42F3-BAA2-F3619D04F5CC}.Release|Any CPU.ActiveCfg = Release|Any CPU
		{66AF3C58-DC4E-42F3-BAA2-F3619D04F5CC}.Release|Any CPU.Build.0 = Release|Any CPU
		{36545539-A4EC-4AC2-B48C-3F990C5B5D6D}.Debug|Any CPU.ActiveCfg = Debug|Any CPU
		{36545539-A4EC-4AC2-B48C-3F990C5B5D6D}.Debug|Any CPU.Build.0 = Debug|Any CPU
		{36545539-A4EC-4AC2-B48C-3F990C5B5D6D}.Release|Any CPU.ActiveCfg = Release|Any CPU
		{36545539-A4EC-4AC2-B48C-3F990C5B5D6D}.Release|Any CPU.Build.0 = Release|Any CPU
		{B0A3D4A7-1EFA-44BD-BD42-2CC0BFB8F0E1}.Debug|Any CPU.ActiveCfg = Debug|Any CPU
		{B0A3D4A7-1EFA-44BD-BD42-2CC0BFB8F0E1}.Debug|Any CPU.Build.0 = Debug|Any CPU
		{B0A3D4A7-1EFA-44BD-BD42-2CC0BFB8F0E1}.Release|Any CPU.ActiveCfg = Release|Any CPU
		{B0A3D4A7-1EFA-44BD-BD42-2CC0BFB8F0E1}.Release|Any CPU.Build.0 = Release|Any CPU
		{BF4DBBBB-F31E-4817-A4D4-FC530D7EF2D8}.Debug|Any CPU.ActiveCfg = Debug|Any CPU
		{BF4DBBBB-F31E-4817-A4D4-FC530D7EF2D8}.Debug|Any CPU.Build.0 = Debug|Any CPU
		{BF4DBBBB-F31E-4817-A4D4-FC530D7EF2D8}.Release|Any CPU.ActiveCfg = Release|Any CPU
		{BF4DBBBB-F31E-4817-A4D4-FC530D7EF2D8}.Release|Any CPU.Build.0 = Release|Any CPU
		{ED8116ED-BBF8-448C-BE30-F51650B4A3E2}.Debug|Any CPU.ActiveCfg = Debug|Any CPU
		{ED8116ED-BBF8-448C-BE30-F51650B4A3E2}.Debug|Any CPU.Build.0 = Debug|Any CPU
		{ED8116ED-BBF8-448C-BE30-F51650B4A3E2}.Release|Any CPU.ActiveCfg = Release|Any CPU
		{ED8116ED-BBF8-448C-BE30-F51650B4A3E2}.Release|Any CPU.Build.0 = Release|Any CPU
		{99201A33-E8DD-4BA7-ADCC-569F39818ADA}.Debug|Any CPU.ActiveCfg = Debug|Any CPU
		{99201A33-E8DD-4BA7-ADCC-569F39818ADA}.Debug|Any CPU.Build.0 = Debug|Any CPU
		{99201A33-E8DD-4BA7-ADCC-569F39818ADA}.Release|Any CPU.ActiveCfg = Release|Any CPU
		{99201A33-E8DD-4BA7-ADCC-569F39818ADA}.Release|Any CPU.Build.0 = Release|Any CPU
		{4F64264D-2D50-43E3-B0DD-313BEA61CE5D}.Debug|Any CPU.ActiveCfg = Debug|Any CPU
		{4F64264D-2D50-43E3-B0DD-313BEA61CE5D}.Debug|Any CPU.Build.0 = Debug|Any CPU
		{4F64264D-2D50-43E3-B0DD-313BEA61CE5D}.Release|Any CPU.ActiveCfg = Release|Any CPU
		{4F64264D-2D50-43E3-B0DD-313BEA61CE5D}.Release|Any CPU.Build.0 = Release|Any CPU
		{6AA2B4FD-B63E-40BF-8A35-62CC0D6D3EE2}.Debug|Any CPU.ActiveCfg = Debug|Any CPU
		{6AA2B4FD-B63E-40BF-8A35-62CC0D6D3EE2}.Debug|Any CPU.Build.0 = Debug|Any CPU
		{6AA2B4FD-B63E-40BF-8A35-62CC0D6D3EE2}.Release|Any CPU.ActiveCfg = Release|Any CPU
		{6AA2B4FD-B63E-40BF-8A35-62CC0D6D3EE2}.Release|Any CPU.Build.0 = Release|Any CPU
		{60C6291A-0BB7-43F2-8C8A-956BE12201C2}.Debug|Any CPU.ActiveCfg = Debug|Any CPU
		{60C6291A-0BB7-43F2-8C8A-956BE12201C2}.Debug|Any CPU.Build.0 = Debug|Any CPU
		{60C6291A-0BB7-43F2-8C8A-956BE12201C2}.Release|Any CPU.ActiveCfg = Release|Any CPU
		{60C6291A-0BB7-43F2-8C8A-956BE12201C2}.Release|Any CPU.Build.0 = Release|Any CPU
		{A20E1FEC-07B3-4B74-9CB2-6A234477EEE6}.Debug|Any CPU.ActiveCfg = Debug|Any CPU
		{A20E1FEC-07B3-4B74-9CB2-6A234477EEE6}.Debug|Any CPU.Build.0 = Debug|Any CPU
		{A20E1FEC-07B3-4B74-9CB2-6A234477EEE6}.Release|Any CPU.ActiveCfg = Release|Any CPU
		{A20E1FEC-07B3-4B74-9CB2-6A234477EEE6}.Release|Any CPU.Build.0 = Release|Any CPU
		{E1B1005A-43F4-47A2-BEF5-AE3D2BE1A183}.Debug|Any CPU.ActiveCfg = Debug|Any CPU
		{E1B1005A-43F4-47A2-BEF5-AE3D2BE1A183}.Debug|Any CPU.Build.0 = Debug|Any CPU
		{E1B1005A-43F4-47A2-BEF5-AE3D2BE1A183}.Release|Any CPU.ActiveCfg = Release|Any CPU
		{E1B1005A-43F4-47A2-BEF5-AE3D2BE1A183}.Release|Any CPU.Build.0 = Release|Any CPU
		{D8D5505D-6256-4E08-BFA9-BCF356BB4883}.Debug|Any CPU.ActiveCfg = Debug|Any CPU
		{D8D5505D-6256-4E08-BFA9-BCF356BB4883}.Debug|Any CPU.Build.0 = Debug|Any CPU
		{D8D5505D-6256-4E08-BFA9-BCF356BB4883}.Release|Any CPU.ActiveCfg = Release|Any CPU
		{D8D5505D-6256-4E08-BFA9-BCF356BB4883}.Release|Any CPU.Build.0 = Release|Any CPU
		{A9E3CB67-7045-4AEB-B6A1-95E8128A7901}.Debug|Any CPU.ActiveCfg = Debug|Any CPU
		{A9E3CB67-7045-4AEB-B6A1-95E8128A7901}.Debug|Any CPU.Build.0 = Debug|Any CPU
		{A9E3CB67-7045-4AEB-B6A1-95E8128A7901}.Release|Any CPU.ActiveCfg = Release|Any CPU
		{A9E3CB67-7045-4AEB-B6A1-95E8128A7901}.Release|Any CPU.Build.0 = Release|Any CPU
		{B7DADB46-EFA8-4F82-85DE-7116A7E517FA}.Debug|Any CPU.ActiveCfg = Debug|Any CPU
		{B7DADB46-EFA8-4F82-85DE-7116A7E517FA}.Debug|Any CPU.Build.0 = Debug|Any CPU
		{B7DADB46-EFA8-4F82-85DE-7116A7E517FA}.Release|Any CPU.ActiveCfg = Release|Any CPU
		{B7DADB46-EFA8-4F82-85DE-7116A7E517FA}.Release|Any CPU.Build.0 = Release|Any CPU
		{30C87B7A-CAFA-4324-A448-E7EC36373D83}.Debug|Any CPU.ActiveCfg = Debug|Any CPU
		{30C87B7A-CAFA-4324-A448-E7EC36373D83}.Debug|Any CPU.Build.0 = Debug|Any CPU
		{30C87B7A-CAFA-4324-A448-E7EC36373D83}.Release|Any CPU.ActiveCfg = Release|Any CPU
		{30C87B7A-CAFA-4324-A448-E7EC36373D83}.Release|Any CPU.Build.0 = Release|Any CPU
		{3E857512-B95B-48EB-BACC-E305E73509FA}.Debug|Any CPU.ActiveCfg = Debug|Any CPU
		{3E857512-B95B-48EB-BACC-E305E73509FA}.Debug|Any CPU.Build.0 = Debug|Any CPU
		{3E857512-B95B-48EB-BACC-E305E73509FA}.Release|Any CPU.ActiveCfg = Release|Any CPU
		{3E857512-B95B-48EB-BACC-E305E73509FA}.Release|Any CPU.Build.0 = Release|Any CPU
		{61F90EAF-7A83-4666-91C1-A7572136D64E}.Debug|Any CPU.ActiveCfg = Debug|Any CPU
		{61F90EAF-7A83-4666-91C1-A7572136D64E}.Debug|Any CPU.Build.0 = Debug|Any CPU
		{61F90EAF-7A83-4666-91C1-A7572136D64E}.Release|Any CPU.ActiveCfg = Release|Any CPU
		{61F90EAF-7A83-4666-91C1-A7572136D64E}.Release|Any CPU.Build.0 = Release|Any CPU
		{E2AA9783-A36B-4067-9DED-A3DC73A7BF08}.Debug|Any CPU.ActiveCfg = Debug|Any CPU
		{E2AA9783-A36B-4067-9DED-A3DC73A7BF08}.Debug|Any CPU.Build.0 = Debug|Any CPU
		{E2AA9783-A36B-4067-9DED-A3DC73A7BF08}.Release|Any CPU.ActiveCfg = Release|Any CPU
		{E2AA9783-A36B-4067-9DED-A3DC73A7BF08}.Release|Any CPU.Build.0 = Release|Any CPU
		{7B4C7B06-B500-4A48-AD1E-E5E2C23E6946}.Debug|Any CPU.ActiveCfg = Debug|Any CPU
		{7B4C7B06-B500-4A48-AD1E-E5E2C23E6946}.Debug|Any CPU.Build.0 = Debug|Any CPU
		{7B4C7B06-B500-4A48-AD1E-E5E2C23E6946}.Release|Any CPU.ActiveCfg = Release|Any CPU
		{7B4C7B06-B500-4A48-AD1E-E5E2C23E6946}.Release|Any CPU.Build.0 = Release|Any CPU
		{78E421D5-8A7C-4DFD-A19F-105B69F0E055}.Debug|Any CPU.ActiveCfg = Debug|Any CPU
		{78E421D5-8A7C-4DFD-A19F-105B69F0E055}.Debug|Any CPU.Build.0 = Debug|Any CPU
		{78E421D5-8A7C-4DFD-A19F-105B69F0E055}.Release|Any CPU.ActiveCfg = Release|Any CPU
		{78E421D5-8A7C-4DFD-A19F-105B69F0E055}.Release|Any CPU.Build.0 = Release|Any CPU
		{D71A8F84-4114-4666-AF97-FBCCBFF7AD18}.Debug|Any CPU.ActiveCfg = Debug|Any CPU
		{D71A8F84-4114-4666-AF97-FBCCBFF7AD18}.Debug|Any CPU.Build.0 = Debug|Any CPU
		{D71A8F84-4114-4666-AF97-FBCCBFF7AD18}.Release|Any CPU.ActiveCfg = Release|Any CPU
		{D71A8F84-4114-4666-AF97-FBCCBFF7AD18}.Release|Any CPU.Build.0 = Release|Any CPU
		{451C1AF9-85F7-4D82-9AFA-C5629AD44618}.Debug|Any CPU.ActiveCfg = Debug|Any CPU
		{451C1AF9-85F7-4D82-9AFA-C5629AD44618}.Debug|Any CPU.Build.0 = Debug|Any CPU
		{451C1AF9-85F7-4D82-9AFA-C5629AD44618}.Release|Any CPU.ActiveCfg = Release|Any CPU
		{451C1AF9-85F7-4D82-9AFA-C5629AD44618}.Release|Any CPU.Build.0 = Release|Any CPU
		{4764A5DE-11EE-445B-AB9C-37EB56309DC7}.Debug|Any CPU.ActiveCfg = Debug|Any CPU
		{4764A5DE-11EE-445B-AB9C-37EB56309DC7}.Debug|Any CPU.Build.0 = Debug|Any CPU
		{4764A5DE-11EE-445B-AB9C-37EB56309DC7}.Release|Any CPU.ActiveCfg = Release|Any CPU
		{4764A5DE-11EE-445B-AB9C-37EB56309DC7}.Release|Any CPU.Build.0 = Release|Any CPU
		{E220ADFC-BFF5-4706-9ED1-BB53A6284F89}.Debug|Any CPU.ActiveCfg = Debug|Any CPU
		{E220ADFC-BFF5-4706-9ED1-BB53A6284F89}.Debug|Any CPU.Build.0 = Debug|Any CPU
		{E220ADFC-BFF5-4706-9ED1-BB53A6284F89}.Release|Any CPU.ActiveCfg = Release|Any CPU
		{E220ADFC-BFF5-4706-9ED1-BB53A6284F89}.Release|Any CPU.Build.0 = Release|Any CPU
		{C22A1566-069F-4232-8BBC-211DB6A93E82}.Debug|Any CPU.ActiveCfg = Debug|Any CPU
		{C22A1566-069F-4232-8BBC-211DB6A93E82}.Debug|Any CPU.Build.0 = Debug|Any CPU
		{C22A1566-069F-4232-8BBC-211DB6A93E82}.Release|Any CPU.ActiveCfg = Release|Any CPU
		{C22A1566-069F-4232-8BBC-211DB6A93E82}.Release|Any CPU.Build.0 = Release|Any CPU
		{DEA2486C-0617-4054-A5EF-DE80630419A2}.Debug|Any CPU.ActiveCfg = Debug|Any CPU
		{DEA2486C-0617-4054-A5EF-DE80630419A2}.Debug|Any CPU.Build.0 = Debug|Any CPU
		{DEA2486C-0617-4054-A5EF-DE80630419A2}.Release|Any CPU.ActiveCfg = Release|Any CPU
		{DEA2486C-0617-4054-A5EF-DE80630419A2}.Release|Any CPU.Build.0 = Release|Any CPU
		{5283FB3A-C08F-44A8-82C0-E0A300290E6E}.Debug|Any CPU.ActiveCfg = Debug|Any CPU
		{5283FB3A-C08F-44A8-82C0-E0A300290E6E}.Debug|Any CPU.Build.0 = Debug|Any CPU
		{5283FB3A-C08F-44A8-82C0-E0A300290E6E}.Release|Any CPU.ActiveCfg = Release|Any CPU
		{5283FB3A-C08F-44A8-82C0-E0A300290E6E}.Release|Any CPU.Build.0 = Release|Any CPU
		{ADCD9F08-C223-4212-BCBC-DB6A2D5BCCEB}.Debug|Any CPU.ActiveCfg = Debug|Any CPU
		{ADCD9F08-C223-4212-BCBC-DB6A2D5BCCEB}.Debug|Any CPU.Build.0 = Debug|Any CPU
		{ADCD9F08-C223-4212-BCBC-DB6A2D5BCCEB}.Release|Any CPU.ActiveCfg = Release|Any CPU
		{ADCD9F08-C223-4212-BCBC-DB6A2D5BCCEB}.Release|Any CPU.Build.0 = Release|Any CPU
		{12B91C75-1EF9-49FF-ADAF-FD115825668C}.Debug|Any CPU.ActiveCfg = Debug|Any CPU
		{12B91C75-1EF9-49FF-ADAF-FD115825668C}.Debug|Any CPU.Build.0 = Debug|Any CPU
		{12B91C75-1EF9-49FF-ADAF-FD115825668C}.Release|Any CPU.ActiveCfg = Release|Any CPU
		{12B91C75-1EF9-49FF-ADAF-FD115825668C}.Release|Any CPU.Build.0 = Release|Any CPU
		{29B86FBD-C52D-4D29-A865-12FC27DC9F72}.Debug|Any CPU.ActiveCfg = Debug|Any CPU
		{29B86FBD-C52D-4D29-A865-12FC27DC9F72}.Debug|Any CPU.Build.0 = Debug|Any CPU
		{29B86FBD-C52D-4D29-A865-12FC27DC9F72}.Release|Any CPU.ActiveCfg = Release|Any CPU
		{29B86FBD-C52D-4D29-A865-12FC27DC9F72}.Release|Any CPU.Build.0 = Release|Any CPU
		{DF502241-A7F2-49DE-B49E-A2177C44622C}.Debug|Any CPU.ActiveCfg = Debug|Any CPU
		{DF502241-A7F2-49DE-B49E-A2177C44622C}.Debug|Any CPU.Build.0 = Debug|Any CPU
		{DF502241-A7F2-49DE-B49E-A2177C44622C}.Release|Any CPU.ActiveCfg = Release|Any CPU
		{DF502241-A7F2-49DE-B49E-A2177C44622C}.Release|Any CPU.Build.0 = Release|Any CPU
		{A13D4BA6-83E9-447D-A72F-B8517BCF9CE3}.Debug|Any CPU.ActiveCfg = Debug|Any CPU
		{A13D4BA6-83E9-447D-A72F-B8517BCF9CE3}.Debug|Any CPU.Build.0 = Debug|Any CPU
		{A13D4BA6-83E9-447D-A72F-B8517BCF9CE3}.Release|Any CPU.ActiveCfg = Release|Any CPU
		{A13D4BA6-83E9-447D-A72F-B8517BCF9CE3}.Release|Any CPU.Build.0 = Release|Any CPU
		{EB8DBEE4-F223-4F43-A804-30B6A12925B0}.Debug|Any CPU.ActiveCfg = Debug|Any CPU
		{EB8DBEE4-F223-4F43-A804-30B6A12925B0}.Debug|Any CPU.Build.0 = Debug|Any CPU
		{EB8DBEE4-F223-4F43-A804-30B6A12925B0}.Release|Any CPU.ActiveCfg = Release|Any CPU
		{EB8DBEE4-F223-4F43-A804-30B6A12925B0}.Release|Any CPU.Build.0 = Release|Any CPU
		{3AAF7689-BC44-4546-9781-51B96D75C4C9}.Debug|Any CPU.ActiveCfg = Debug|Any CPU
		{3AAF7689-BC44-4546-9781-51B96D75C4C9}.Debug|Any CPU.Build.0 = Debug|Any CPU
		{3AAF7689-BC44-4546-9781-51B96D75C4C9}.Release|Any CPU.ActiveCfg = Release|Any CPU
		{3AAF7689-BC44-4546-9781-51B96D75C4C9}.Release|Any CPU.Build.0 = Release|Any CPU
		{D0DA8FD7-E7C7-4341-8082-2545993D339D}.Debug|Any CPU.ActiveCfg = Debug|Any CPU
		{D0DA8FD7-E7C7-4341-8082-2545993D339D}.Debug|Any CPU.Build.0 = Debug|Any CPU
		{D0DA8FD7-E7C7-4341-8082-2545993D339D}.Release|Any CPU.ActiveCfg = Release|Any CPU
		{D0DA8FD7-E7C7-4341-8082-2545993D339D}.Release|Any CPU.Build.0 = Release|Any CPU
		{F5082680-87D5-4B0A-962A-1B0843C23C63}.Debug|Any CPU.ActiveCfg = Debug|Any CPU
		{F5082680-87D5-4B0A-962A-1B0843C23C63}.Debug|Any CPU.Build.0 = Debug|Any CPU
		{F5082680-87D5-4B0A-962A-1B0843C23C63}.Release|Any CPU.ActiveCfg = Release|Any CPU
		{F5082680-87D5-4B0A-962A-1B0843C23C63}.Release|Any CPU.Build.0 = Release|Any CPU
		{DF84D44D-BE93-4AE8-9291-4F9613EA2A77}.Debug|Any CPU.ActiveCfg = Debug|Any CPU
		{DF84D44D-BE93-4AE8-9291-4F9613EA2A77}.Debug|Any CPU.Build.0 = Debug|Any CPU
		{DF84D44D-BE93-4AE8-9291-4F9613EA2A77}.Release|Any CPU.ActiveCfg = Release|Any CPU
		{DF84D44D-BE93-4AE8-9291-4F9613EA2A77}.Release|Any CPU.Build.0 = Release|Any CPU
		{128876EB-DC61-416A-93BC-2C6CBB358758}.Debug|Any CPU.ActiveCfg = Debug|Any CPU
		{128876EB-DC61-416A-93BC-2C6CBB358758}.Debug|Any CPU.Build.0 = Debug|Any CPU
		{128876EB-DC61-416A-93BC-2C6CBB358758}.Release|Any CPU.ActiveCfg = Release|Any CPU
		{128876EB-DC61-416A-93BC-2C6CBB358758}.Release|Any CPU.Build.0 = Release|Any CPU
	EndGlobalSection
	GlobalSection(SolutionProperties) = preSolution
		HideSolutionNode = FALSE
	EndGlobalSection
	GlobalSection(NestedProjects) = preSolution
		{B0A3D4A7-1EFA-44BD-BD42-2CC0BFB8F0E1} = {68F7CA33-8489-4C26-AF99-CF4FA13327F9}
		{C28EDB2B-FDA2-44DA-B255-F57E127EEF6C} = {487F1AE2-1995-411B-8080-6434ACA40E86}
		{68F7CA33-8489-4C26-AF99-CF4FA13327F9} = {487F1AE2-1995-411B-8080-6434ACA40E86}
		{BF4DBBBB-F31E-4817-A4D4-FC530D7EF2D8} = {44F4FAA6-D875-4F06-8308-DD6990AF1E63}
		{06868A4F-3DE6-415F-9A78-E2C07F300C19} = {44F4FAA6-D875-4F06-8308-DD6990AF1E63}
		{66AF3C58-DC4E-42F3-BAA2-F3619D04F5CC} = {06868A4F-3DE6-415F-9A78-E2C07F300C19}
		{36545539-A4EC-4AC2-B48C-3F990C5B5D6D} = {06868A4F-3DE6-415F-9A78-E2C07F300C19}
		{57067EF9-F924-4D61-A2DD-7C08D01ED961} = {06868A4F-3DE6-415F-9A78-E2C07F300C19}
		{ED8116ED-BBF8-448C-BE30-F51650B4A3E2} = {44F4FAA6-D875-4F06-8308-DD6990AF1E63}
		{0C56F203-0A21-4680-9F9D-987BA111B125} = {487F1AE2-1995-411B-8080-6434ACA40E86}
		{4F64264D-2D50-43E3-B0DD-313BEA61CE5D} = {0C56F203-0A21-4680-9F9D-987BA111B125}
		{6AA2B4FD-B63E-40BF-8A35-62CC0D6D3EE2} = {06868A4F-3DE6-415F-9A78-E2C07F300C19}
		{60C6291A-0BB7-43F2-8C8A-956BE12201C2} = {659A24EA-5C28-4F62-A67A-5E1564EFA7C3}
		{E1B1005A-43F4-47A2-BEF5-AE3D2BE1A183} = {F506D206-DC04-4EAC-BD00-ABA6A073E757}
		{D8D5505D-6256-4E08-BFA9-BCF356BB4883} = {44F4FAA6-D875-4F06-8308-DD6990AF1E63}
		{A9E3CB67-7045-4AEB-B6A1-95E8128A7901} = {0C56F203-0A21-4680-9F9D-987BA111B125}
		{B7DADB46-EFA8-4F82-85DE-7116A7E517FA} = {44F4FAA6-D875-4F06-8308-DD6990AF1E63}
		{30C87B7A-CAFA-4324-A448-E7EC36373D83} = {F506D206-DC04-4EAC-BD00-ABA6A073E757}
		{3E857512-B95B-48EB-BACC-E305E73509FA} = {0C56F203-0A21-4680-9F9D-987BA111B125}
		{FAF3953E-3567-4E03-8D05-21A2DA436057} = {C28EDB2B-FDA2-44DA-B255-F57E127EEF6C}
		{61F90EAF-7A83-4666-91C1-A7572136D64E} = {FAF3953E-3567-4E03-8D05-21A2DA436057}
		{E2AA9783-A36B-4067-9DED-A3DC73A7BF08} = {FAF3953E-3567-4E03-8D05-21A2DA436057}
		{D71A8F84-4114-4666-AF97-FBCCBFF7AD18} = {0C56F203-0A21-4680-9F9D-987BA111B125}
		{451C1AF9-85F7-4D82-9AFA-C5629AD44618} = {0C56F203-0A21-4680-9F9D-987BA111B125}
		{4764A5DE-11EE-445B-AB9C-37EB56309DC7} = {0C56F203-0A21-4680-9F9D-987BA111B125}
		{E220ADFC-BFF5-4706-9ED1-BB53A6284F89} = {C28EDB2B-FDA2-44DA-B255-F57E127EEF6C}
		{C22A1566-069F-4232-8BBC-211DB6A93E82} = {239CE5E2-D8E0-4A35-A2EF-498451DA02CB}
		{DEA2486C-0617-4054-A5EF-DE80630419A2} = {239CE5E2-D8E0-4A35-A2EF-498451DA02CB}
		{5283FB3A-C08F-44A8-82C0-E0A300290E6E} = {239CE5E2-D8E0-4A35-A2EF-498451DA02CB}
		{ADCD9F08-C223-4212-BCBC-DB6A2D5BCCEB} = {239CE5E2-D8E0-4A35-A2EF-498451DA02CB}
		{12B91C75-1EF9-49FF-ADAF-FD115825668C} = {239CE5E2-D8E0-4A35-A2EF-498451DA02CB}
		{29B86FBD-C52D-4D29-A865-12FC27DC9F72} = {239CE5E2-D8E0-4A35-A2EF-498451DA02CB}
		{DF502241-A7F2-49DE-B49E-A2177C44622C} = {239CE5E2-D8E0-4A35-A2EF-498451DA02CB}
		{A13D4BA6-83E9-447D-A72F-B8517BCF9CE3} = {239CE5E2-D8E0-4A35-A2EF-498451DA02CB}
		{EB8DBEE4-F223-4F43-A804-30B6A12925B0} = {C28EDB2B-FDA2-44DA-B255-F57E127EEF6C}
		{3AAF7689-BC44-4546-9781-51B96D75C4C9} = {239CE5E2-D8E0-4A35-A2EF-498451DA02CB}
		{AB56BE2C-1E2F-4D48-9A86-7FF8744D7CB4} = {487F1AE2-1995-411B-8080-6434ACA40E86}
		{99201A33-E8DD-4BA7-ADCC-569F39818ADA} = {AB56BE2C-1E2F-4D48-9A86-7FF8744D7CB4}
		{7B4C7B06-B500-4A48-AD1E-E5E2C23E6946} = {AB56BE2C-1E2F-4D48-9A86-7FF8744D7CB4}
		{A20E1FEC-07B3-4B74-9CB2-6A234477EEE6} = {AB56BE2C-1E2F-4D48-9A86-7FF8744D7CB4}
		{78E421D5-8A7C-4DFD-A19F-105B69F0E055} = {68F7CA33-8489-4C26-AF99-CF4FA13327F9}
		{D0DA8FD7-E7C7-4341-8082-2545993D339D} = {68F7CA33-8489-4C26-AF99-CF4FA13327F9}
		{F5082680-87D5-4B0A-962A-1B0843C23C63} = {68F7CA33-8489-4C26-AF99-CF4FA13327F9}
		{DF84D44D-BE93-4AE8-9291-4F9613EA2A77} = {68F7CA33-8489-4C26-AF99-CF4FA13327F9}
		{128876EB-DC61-416A-93BC-2C6CBB358758} = {F506D206-DC04-4EAC-BD00-ABA6A073E757}
	EndGlobalSection
	GlobalSection(ExtensibilityGlobals) = postSolution
		SolutionGuid = {20CD880E-2A9B-4B75-A2C1-3145230B285E}
	EndGlobalSection
EndGlobal
