
Microsoft Visual Studio Solution File, Format Version 12.00
# Visual Studio Version 17
VisualStudioVersion = 17.5.33516.290
MinimumVisualStudioVersion = 10.0.40219.1
Project("{9A19103F-16F7-4668-BE54-9A1E7A4F7556}") = "Avalon.Network.Tcp", "src\Shared\Avalon.Network.Tcp\Avalon.Network.Tcp.csproj", "{57067EF9-F924-4D61-A2DD-7C08D01ED961}"
EndProject
Project("{9A19103F-16F7-4668-BE54-9A1E7A4F7556}") = "Avalon.Network", "src\Shared\Avalon.Network\Avalon.Network.csproj", "{66AF3C58-DC4E-42F3-BAA2-F3619D04F5CC}"
EndProject
Project("{9A19103F-16F7-4668-BE54-9A1E7A4F7556}") = "Avalon.Network.Udp", "src\Shared\Avalon.Network.Udp\Avalon.Network.Udp.csproj", "{715B46A9-D08B-411A-A630-291ACFA0B804}"
EndProject
Project("{9A19103F-16F7-4668-BE54-9A1E7A4F7556}") = "Avalon.Network.Packets", "src\Shared\Avalon.Network.Packets\Avalon.Network.Packets.csproj", "{36545539-A4EC-4AC2-B48C-3F990C5B5D6D}"
EndProject
Project("{2150E333-8FDC-42A3-9474-1A3956D46DE8}") = "Game", "Game", "{C28EDB2B-FDA2-44DA-B255-F57E127EEF6C}"
EndProject
Project("{FAE04EC0-301F-11D3-BF4B-00C04F79EFBC}") = "Avalon.Game", "src\Server\Avalon.Game\Avalon.Game.csproj", "{1AB0AF1F-1AC6-43AA-83C8-A80BFA01B66C}"
EndProject
Project("{FAE04EC0-301F-11D3-BF4B-00C04F79EFBC}") = "Avalon.Game.Handlers", "src\Server\Avalon.Game.Handlers\Avalon.Game.Handlers.csproj", "{BFCE3251-AA3B-4B27-9491-18236CB3DA77}"
EndProject
Project("{2150E333-8FDC-42A3-9474-1A3956D46DE8}") = "Infrastructure", "Infrastructure", "{68F7CA33-8489-4C26-AF99-CF4FA13327F9}"
EndProject
Project("{FAE04EC0-301F-11D3-BF4B-00C04F79EFBC}") = "Avalon.Infrastructure", "src\Server\Avalon.Infrastructure\Avalon.Infrastructure.csproj", "{B0A3D4A7-1EFA-44BD-BD42-2CC0BFB8F0E1}"
EndProject
Project("{FAE04EC0-301F-11D3-BF4B-00C04F79EFBC}") = "Avalon.Common", "src\Shared\Avalon.Common\Avalon.Common.csproj", "{BF4DBBBB-F31E-4817-A4D4-FC530D7EF2D8}"
EndProject
Project("{FAE04EC0-301F-11D3-BF4B-00C04F79EFBC}") = "Avalon.Metrics", "src\Shared\Avalon.Metrics\Avalon.Metrics.csproj", "{ED8116ED-BBF8-448C-BE30-F51650B4A3E2}"
EndProject
Project("{2150E333-8FDC-42A3-9474-1A3956D46DE8}") = "Server", "Server", "{487F1AE2-1995-411B-8080-6434ACA40E86}"
EndProject
Project("{2150E333-8FDC-42A3-9474-1A3956D46DE8}") = "Client", "Client", "{9F6C14A1-30AF-456A-A846-29885214DD7D}"
EndProject
Project("{FAE04EC0-301F-11D3-BF4B-00C04F79EFBC}") = "Avalon.Client", "src\Client\Avalon.Client\Avalon.Client.csproj", "{BFB11317-3572-4A31-B31B-547747083A83}"
EndProject
Project("{2150E333-8FDC-42A3-9474-1A3956D46DE8}") = "Shared", "Shared", "{44F4FAA6-D875-4F06-8308-DD6990AF1E63}"
EndProject
Project("{2150E333-8FDC-42A3-9474-1A3956D46DE8}") = "Network", "Network", "{06868A4F-3DE6-415F-9A78-E2C07F300C19}"
EndProject
Project("{FAE04EC0-301F-11D3-BF4B-00C04F79EFBC}") = "Avalon.Server", "src\Server\Avalon.Server\Avalon.Server.csproj", "{99201A33-E8DD-4BA7-ADCC-569F39818ADA}"
EndProject
Project("{2150E333-8FDC-42A3-9474-1A3956D46DE8}") = "Database", "Database", "{0C56F203-0A21-4680-9F9D-987BA111B125}"
EndProject
Project("{FAE04EC0-301F-11D3-BF4B-00C04F79EFBC}") = "Avalon.Database", "src\Server\Avalon.Database\Avalon.Database.csproj", "{4F64264D-2D50-43E3-B0DD-313BEA61CE5D}"
EndProject
Project("{FAE04EC0-301F-11D3-BF4B-00C04F79EFBC}") = "Avalon.Map", "src\Server\Avalon.Map\Avalon.Map.csproj", "{0C24D6D1-FE5C-47DF-8A51-C59A6445FE22}"
EndProject
Project("{FAE04EC0-301F-11D3-BF4B-00C04F79EFBC}") = "Avalon.Network.Packets.Abstractions", "src\Shared\Avalon.Network.Packets.Abstractions\Avalon.Network.Packets.Abstractions.csproj", "{6AA2B4FD-B63E-40BF-8A35-62CC0D6D3EE2}"
EndProject
Project("{FAE04EC0-301F-11D3-BF4B-00C04F79EFBC}") = "Avalon.Client.Patcher", "src\Client\Avalon.Client.Patcher\Avalon.Client.Patcher.csproj", "{60BC35C8-64B9-42AE-9744-C610CC551C90}"
EndProject
Global
	GlobalSection(SolutionConfigurationPlatforms) = preSolution
		Debug|Any CPU = Debug|Any CPU
		Release|Any CPU = Release|Any CPU
	EndGlobalSection
	GlobalSection(ProjectConfigurationPlatforms) = postSolution
		{57067EF9-F924-4D61-A2DD-7C08D01ED961}.Debug|Any CPU.ActiveCfg = Debug|Any CPU
		{57067EF9-F924-4D61-A2DD-7C08D01ED961}.Debug|Any CPU.Build.0 = Debug|Any CPU
		{57067EF9-F924-4D61-A2DD-7C08D01ED961}.Release|Any CPU.ActiveCfg = Release|Any CPU
		{57067EF9-F924-4D61-A2DD-7C08D01ED961}.Release|Any CPU.Build.0 = Release|Any CPU
		{66AF3C58-DC4E-42F3-BAA2-F3619D04F5CC}.Debug|Any CPU.ActiveCfg = Debug|Any CPU
		{66AF3C58-DC4E-42F3-BAA2-F3619D04F5CC}.Debug|Any CPU.Build.0 = Debug|Any CPU
		{66AF3C58-DC4E-42F3-BAA2-F3619D04F5CC}.Release|Any CPU.ActiveCfg = Release|Any CPU
		{66AF3C58-DC4E-42F3-BAA2-F3619D04F5CC}.Release|Any CPU.Build.0 = Release|Any CPU
		{715B46A9-D08B-411A-A630-291ACFA0B804}.Debug|Any CPU.ActiveCfg = Debug|Any CPU
		{715B46A9-D08B-411A-A630-291ACFA0B804}.Debug|Any CPU.Build.0 = Debug|Any CPU
		{715B46A9-D08B-411A-A630-291ACFA0B804}.Release|Any CPU.ActiveCfg = Release|Any CPU
		{715B46A9-D08B-411A-A630-291ACFA0B804}.Release|Any CPU.Build.0 = Release|Any CPU
		{36545539-A4EC-4AC2-B48C-3F990C5B5D6D}.Debug|Any CPU.ActiveCfg = Debug|Any CPU
		{36545539-A4EC-4AC2-B48C-3F990C5B5D6D}.Debug|Any CPU.Build.0 = Debug|Any CPU
		{36545539-A4EC-4AC2-B48C-3F990C5B5D6D}.Release|Any CPU.ActiveCfg = Release|Any CPU
		{36545539-A4EC-4AC2-B48C-3F990C5B5D6D}.Release|Any CPU.Build.0 = Release|Any CPU
		{1AB0AF1F-1AC6-43AA-83C8-A80BFA01B66C}.Debug|Any CPU.ActiveCfg = Debug|Any CPU
		{1AB0AF1F-1AC6-43AA-83C8-A80BFA01B66C}.Debug|Any CPU.Build.0 = Debug|Any CPU
		{1AB0AF1F-1AC6-43AA-83C8-A80BFA01B66C}.Release|Any CPU.ActiveCfg = Release|Any CPU
		{1AB0AF1F-1AC6-43AA-83C8-A80BFA01B66C}.Release|Any CPU.Build.0 = Release|Any CPU
		{BFCE3251-AA3B-4B27-9491-18236CB3DA77}.Debug|Any CPU.ActiveCfg = Debug|Any CPU
		{BFCE3251-AA3B-4B27-9491-18236CB3DA77}.Debug|Any CPU.Build.0 = Debug|Any CPU
		{BFCE3251-AA3B-4B27-9491-18236CB3DA77}.Release|Any CPU.ActiveCfg = Release|Any CPU
		{BFCE3251-AA3B-4B27-9491-18236CB3DA77}.Release|Any CPU.Build.0 = Release|Any CPU
		{B0A3D4A7-1EFA-44BD-BD42-2CC0BFB8F0E1}.Debug|Any CPU.ActiveCfg = Debug|Any CPU
		{B0A3D4A7-1EFA-44BD-BD42-2CC0BFB8F0E1}.Debug|Any CPU.Build.0 = Debug|Any CPU
		{B0A3D4A7-1EFA-44BD-BD42-2CC0BFB8F0E1}.Release|Any CPU.ActiveCfg = Release|Any CPU
		{B0A3D4A7-1EFA-44BD-BD42-2CC0BFB8F0E1}.Release|Any CPU.Build.0 = Release|Any CPU
		{BF4DBBBB-F31E-4817-A4D4-FC530D7EF2D8}.Debug|Any CPU.ActiveCfg = Debug|Any CPU
		{BF4DBBBB-F31E-4817-A4D4-FC530D7EF2D8}.Debug|Any CPU.Build.0 = Debug|Any CPU
		{BF4DBBBB-F31E-4817-A4D4-FC530D7EF2D8}.Release|Any CPU.ActiveCfg = Release|Any CPU
		{BF4DBBBB-F31E-4817-A4D4-FC530D7EF2D8}.Release|Any CPU.Build.0 = Release|Any CPU
		{ED8116ED-BBF8-448C-BE30-F51650B4A3E2}.Debug|Any CPU.ActiveCfg = Debug|Any CPU
		{ED8116ED-BBF8-448C-BE30-F51650B4A3E2}.Debug|Any CPU.Build.0 = Debug|Any CPU
		{ED8116ED-BBF8-448C-BE30-F51650B4A3E2}.Release|Any CPU.ActiveCfg = Release|Any CPU
		{ED8116ED-BBF8-448C-BE30-F51650B4A3E2}.Release|Any CPU.Build.0 = Release|Any CPU
		{BFB11317-3572-4A31-B31B-547747083A83}.Debug|Any CPU.ActiveCfg = Debug|Any CPU
		{BFB11317-3572-4A31-B31B-547747083A83}.Debug|Any CPU.Build.0 = Debug|Any CPU
		{BFB11317-3572-4A31-B31B-547747083A83}.Release|Any CPU.ActiveCfg = Release|Any CPU
		{BFB11317-3572-4A31-B31B-547747083A83}.Release|Any CPU.Build.0 = Release|Any CPU
		{99201A33-E8DD-4BA7-ADCC-569F39818ADA}.Debug|Any CPU.ActiveCfg = Debug|Any CPU
		{99201A33-E8DD-4BA7-ADCC-569F39818ADA}.Debug|Any CPU.Build.0 = Debug|Any CPU
		{99201A33-E8DD-4BA7-ADCC-569F39818ADA}.Release|Any CPU.ActiveCfg = Release|Any CPU
		{99201A33-E8DD-4BA7-ADCC-569F39818ADA}.Release|Any CPU.Build.0 = Release|Any CPU
		{4F64264D-2D50-43E3-B0DD-313BEA61CE5D}.Debug|Any CPU.ActiveCfg = Debug|Any CPU
		{4F64264D-2D50-43E3-B0DD-313BEA61CE5D}.Debug|Any CPU.Build.0 = Debug|Any CPU
		{4F64264D-2D50-43E3-B0DD-313BEA61CE5D}.Release|Any CPU.ActiveCfg = Release|Any CPU
		{4F64264D-2D50-43E3-B0DD-313BEA61CE5D}.Release|Any CPU.Build.0 = Release|Any CPU
		{0C24D6D1-FE5C-47DF-8A51-C59A6445FE22}.Debug|Any CPU.ActiveCfg = Debug|Any CPU
		{0C24D6D1-FE5C-47DF-8A51-C59A6445FE22}.Debug|Any CPU.Build.0 = Debug|Any CPU
		{0C24D6D1-FE5C-47DF-8A51-C59A6445FE22}.Release|Any CPU.ActiveCfg = Release|Any CPU
		{0C24D6D1-FE5C-47DF-8A51-C59A6445FE22}.Release|Any CPU.Build.0 = Release|Any CPU
		{6AA2B4FD-B63E-40BF-8A35-62CC0D6D3EE2}.Debug|Any CPU.ActiveCfg = Debug|Any CPU
		{6AA2B4FD-B63E-40BF-8A35-62CC0D6D3EE2}.Debug|Any CPU.Build.0 = Debug|Any CPU
		{6AA2B4FD-B63E-40BF-8A35-62CC0D6D3EE2}.Release|Any CPU.ActiveCfg = Release|Any CPU
		{6AA2B4FD-B63E-40BF-8A35-62CC0D6D3EE2}.Release|Any CPU.Build.0 = Release|Any CPU
		{60BC35C8-64B9-42AE-9744-C610CC551C90}.Debug|Any CPU.ActiveCfg = Debug|Any CPU
		{60BC35C8-64B9-42AE-9744-C610CC551C90}.Debug|Any CPU.Build.0 = Debug|Any CPU
		{60BC35C8-64B9-42AE-9744-C610CC551C90}.Release|Any CPU.ActiveCfg = Release|Any CPU
		{60BC35C8-64B9-42AE-9744-C610CC551C90}.Release|Any CPU.Build.0 = Release|Any CPU
	EndGlobalSection
	GlobalSection(SolutionProperties) = preSolution
		HideSolutionNode = FALSE
	EndGlobalSection
	GlobalSection(NestedProjects) = preSolution
		{1AB0AF1F-1AC6-43AA-83C8-A80BFA01B66C} = {C28EDB2B-FDA2-44DA-B255-F57E127EEF6C}
		{BFCE3251-AA3B-4B27-9491-18236CB3DA77} = {C28EDB2B-FDA2-44DA-B255-F57E127EEF6C}
		{B0A3D4A7-1EFA-44BD-BD42-2CC0BFB8F0E1} = {68F7CA33-8489-4C26-AF99-CF4FA13327F9}
		{C28EDB2B-FDA2-44DA-B255-F57E127EEF6C} = {487F1AE2-1995-411B-8080-6434ACA40E86}
		{68F7CA33-8489-4C26-AF99-CF4FA13327F9} = {487F1AE2-1995-411B-8080-6434ACA40E86}
		{BFB11317-3572-4A31-B31B-547747083A83} = {9F6C14A1-30AF-456A-A846-29885214DD7D}
		{BF4DBBBB-F31E-4817-A4D4-FC530D7EF2D8} = {44F4FAA6-D875-4F06-8308-DD6990AF1E63}
		{06868A4F-3DE6-415F-9A78-E2C07F300C19} = {44F4FAA6-D875-4F06-8308-DD6990AF1E63}
		{66AF3C58-DC4E-42F3-BAA2-F3619D04F5CC} = {06868A4F-3DE6-415F-9A78-E2C07F300C19}
		{36545539-A4EC-4AC2-B48C-3F990C5B5D6D} = {06868A4F-3DE6-415F-9A78-E2C07F300C19}
		{57067EF9-F924-4D61-A2DD-7C08D01ED961} = {06868A4F-3DE6-415F-9A78-E2C07F300C19}
		{715B46A9-D08B-411A-A630-291ACFA0B804} = {06868A4F-3DE6-415F-9A78-E2C07F300C19}
		{ED8116ED-BBF8-448C-BE30-F51650B4A3E2} = {44F4FAA6-D875-4F06-8308-DD6990AF1E63}
		{99201A33-E8DD-4BA7-ADCC-569F39818ADA} = {487F1AE2-1995-411B-8080-6434ACA40E86}
		{0C56F203-0A21-4680-9F9D-987BA111B125} = {487F1AE2-1995-411B-8080-6434ACA40E86}
		{4F64264D-2D50-43E3-B0DD-313BEA61CE5D} = {0C56F203-0A21-4680-9F9D-987BA111B125}
		{0C24D6D1-FE5C-47DF-8A51-C59A6445FE22} = {C28EDB2B-FDA2-44DA-B255-F57E127EEF6C}
		{6AA2B4FD-B63E-40BF-8A35-62CC0D6D3EE2} = {06868A4F-3DE6-415F-9A78-E2C07F300C19}
		{60BC35C8-64B9-42AE-9744-C610CC551C90} = {9F6C14A1-30AF-456A-A846-29885214DD7D}
	EndGlobalSection
	GlobalSection(ExtensibilityGlobals) = postSolution
		SolutionGuid = {20CD880E-2A9B-4B75-A2C1-3145230B285E}
	EndGlobalSection
EndGlobal
