
Microsoft Visual Studio Solution File, Format Version 12.00
# Visual Studio Version 17
VisualStudioVersion = 17.5.33516.290
MinimumVisualStudioVersion = 10.0.40219.1
Project("{9A19103F-16F7-4668-BE54-9A1E7A4F7556}") = "Avalon.Server", "Avalon.Server\Avalon.Server.csproj", "{07E234B9-3094-443E-BBA5-F6676D58EFCA}"
	ProjectSection(ProjectDependencies) = postProject
		{D7672AC4-A038-44A0-8BC9-5E3087E3BEE7} = {D7672AC4-A038-44A0-8BC9-5E3087E3BEE7}
	EndProjectSection
EndProject
Project("{2150E333-8FDC-42A3-9474-1A3956D46DE8}") = "Samples", "Samples", "{17D4E556-1FED-4C7E-85D4-5A0F0A1D06A3}"
EndProject
Project("{9A19103F-16F7-4668-BE54-9A1E7A4F7556}") = "Avalon.Client", "Avalon.Client\Avalon.Client.csproj", "{F43A05A8-8EF1-4E8E-BBAE-BE9099B7FD7C}"
EndProject
Project("{9A19103F-16F7-4668-BE54-9A1E7A4F7556}") = "Avalon.Network.Tcp", "Avalon.Network.Tcp\Avalon.Network.Tcp.csproj", "{57067EF9-F924-4D61-A2DD-7C08D01ED961}"
EndProject
Project("{9A19103F-16F7-4668-BE54-9A1E7A4F7556}") = "Avalon.Network", "Avalon.Network\Avalon.Network.csproj", "{66AF3C58-DC4E-42F3-BAA2-F3619D04F5CC}"
EndProject
Project("{9A19103F-16F7-4668-BE54-9A1E7A4F7556}") = "Avalon.Network.Udp", "Avalon.Network.Udp\Avalon.Network.Udp.csproj", "{715B46A9-D08B-411A-A630-291ACFA0B804}"
EndProject
Project("{9A19103F-16F7-4668-BE54-9A1E7A4F7556}") = "Avalon.Network.Udp.Security", "Avalon.Network.Udp.Security\Avalon.Network.Udp.Security.csproj", "{D7672AC4-A038-44A0-8BC9-5E3087E3BEE7}"
EndProject
Project("{9A19103F-16F7-4668-BE54-9A1E7A4F7556}") = "Avalon.Network.Packets", "Avalon.Network.Packets\Avalon.Network.Packets.csproj", "{36545539-A4EC-4AC2-B48C-3F990C5B5D6D}"
EndProject
Project("{2150E333-8FDC-42A3-9474-1A3956D46DE8}") = "Network", "Network", "{0E74F4BE-45FF-45E9-8E8E-A7426C46E4B8}"
EndProject
Project("{9A19103F-16F7-4668-BE54-9A1E7A4F7556}") = "Avalon.Client.Tester", "Avalon.Client.Tester\Avalon.Client.Tester.csproj", "{5036FDE8-6FB9-4D5C-A222-FE1027865B55}"
EndProject
Global
	GlobalSection(SolutionConfigurationPlatforms) = preSolution
		Debug|Any CPU = Debug|Any CPU
		Release|Any CPU = Release|Any CPU
	EndGlobalSection
	GlobalSection(ProjectConfigurationPlatforms) = postSolution
		{07E234B9-3094-443E-BBA5-F6676D58EFCA}.Debug|Any CPU.ActiveCfg = Debug|Any CPU
		{07E234B9-3094-443E-BBA5-F6676D58EFCA}.Debug|Any CPU.Build.0 = Debug|Any CPU
		{07E234B9-3094-443E-BBA5-F6676D58EFCA}.Release|Any CPU.ActiveCfg = Release|Any CPU
		{07E234B9-3094-443E-BBA5-F6676D58EFCA}.Release|Any CPU.Build.0 = Release|Any CPU
		{F43A05A8-8EF1-4E8E-BBAE-BE9099B7FD7C}.Debug|Any CPU.ActiveCfg = Debug|Any CPU
		{F43A05A8-8EF1-4E8E-BBAE-BE9099B7FD7C}.Debug|Any CPU.Build.0 = Debug|Any CPU
		{F43A05A8-8EF1-4E8E-BBAE-BE9099B7FD7C}.Release|Any CPU.ActiveCfg = Release|Any CPU
		{F43A05A8-8EF1-4E8E-BBAE-BE9099B7FD7C}.Release|Any CPU.Build.0 = Release|Any CPU
		{57067EF9-F924-4D61-A2DD-7C08D01ED961}.Debug|Any CPU.ActiveCfg = Debug|Any CPU
		{57067EF9-F924-4D61-A2DD-7C08D01ED961}.Debug|Any CPU.Build.0 = Debug|Any CPU
		{57067EF9-F924-4D61-A2DD-7C08D01ED961}.Release|Any CPU.ActiveCfg = Release|Any CPU
		{57067EF9-F924-4D61-A2DD-7C08D01ED961}.Release|Any CPU.Build.0 = Release|Any CPU
		{66AF3C58-DC4E-42F3-BAA2-F3619D04F5CC}.Debug|Any CPU.ActiveCfg = Debug|Any CPU
		{66AF3C58-DC4E-42F3-BAA2-F3619D04F5CC}.Debug|Any CPU.Build.0 = Debug|Any CPU
		{66AF3C58-DC4E-42F3-BAA2-F3619D04F5CC}.Release|Any CPU.ActiveCfg = Release|Any CPU
		{66AF3C58-DC4E-42F3-BAA2-F3619D04F5CC}.Release|Any CPU.Build.0 = Release|Any CPU
		{715B46A9-D08B-411A-A630-291ACFA0B804}.Debug|Any CPU.ActiveCfg = Debug|Any CPU
		{715B46A9-D08B-411A-A630-291ACFA0B804}.Debug|Any CPU.Build.0 = Debug|Any CPU
		{715B46A9-D08B-411A-A630-291ACFA0B804}.Release|Any CPU.ActiveCfg = Release|Any CPU
		{715B46A9-D08B-411A-A630-291ACFA0B804}.Release|Any CPU.Build.0 = Release|Any CPU
		{D7672AC4-A038-44A0-8BC9-5E3087E3BEE7}.Debug|Any CPU.ActiveCfg = Debug|Any CPU
		{D7672AC4-A038-44A0-8BC9-5E3087E3BEE7}.Debug|Any CPU.Build.0 = Debug|Any CPU
		{D7672AC4-A038-44A0-8BC9-5E3087E3BEE7}.Release|Any CPU.ActiveCfg = Release|Any CPU
		{D7672AC4-A038-44A0-8BC9-5E3087E3BEE7}.Release|Any CPU.Build.0 = Release|Any CPU
		{36545539-A4EC-4AC2-B48C-3F990C5B5D6D}.Debug|Any CPU.ActiveCfg = Debug|Any CPU
		{36545539-A4EC-4AC2-B48C-3F990C5B5D6D}.Debug|Any CPU.Build.0 = Debug|Any CPU
		{36545539-A4EC-4AC2-B48C-3F990C5B5D6D}.Release|Any CPU.ActiveCfg = Release|Any CPU
		{36545539-A4EC-4AC2-B48C-3F990C5B5D6D}.Release|Any CPU.Build.0 = Release|Any CPU
		{5036FDE8-6FB9-4D5C-A222-FE1027865B55}.Debug|Any CPU.ActiveCfg = Debug|Any CPU
		{5036FDE8-6FB9-4D5C-A222-FE1027865B55}.Debug|Any CPU.Build.0 = Debug|Any CPU
		{5036FDE8-6FB9-4D5C-A222-FE1027865B55}.Release|Any CPU.ActiveCfg = Release|Any CPU
		{5036FDE8-6FB9-4D5C-A222-FE1027865B55}.Release|Any CPU.Build.0 = Release|Any CPU
	EndGlobalSection
	GlobalSection(SolutionProperties) = preSolution
		HideSolutionNode = FALSE
	EndGlobalSection
	GlobalSection(NestedProjects) = preSolution
		{F43A05A8-8EF1-4E8E-BBAE-BE9099B7FD7C} = {17D4E556-1FED-4C7E-85D4-5A0F0A1D06A3}
		{57067EF9-F924-4D61-A2DD-7C08D01ED961} = {0E74F4BE-45FF-45E9-8E8E-A7426C46E4B8}
		{66AF3C58-DC4E-42F3-BAA2-F3619D04F5CC} = {0E74F4BE-45FF-45E9-8E8E-A7426C46E4B8}
		{715B46A9-D08B-411A-A630-291ACFA0B804} = {0E74F4BE-45FF-45E9-8E8E-A7426C46E4B8}
		{D7672AC4-A038-44A0-8BC9-5E3087E3BEE7} = {0E74F4BE-45FF-45E9-8E8E-A7426C46E4B8}
		{36545539-A4EC-4AC2-B48C-3F990C5B5D6D} = {0E74F4BE-45FF-45E9-8E8E-A7426C46E4B8}
		{5036FDE8-6FB9-4D5C-A222-FE1027865B55} = {17D4E556-1FED-4C7E-85D4-5A0F0A1D06A3}
	EndGlobalSection
	GlobalSection(ExtensibilityGlobals) = postSolution
		SolutionGuid = {20CD880E-2A9B-4B75-A2C1-3145230B285E}
	EndGlobalSection
EndGlobal
